// !$*UTF8*$!
{
	archiveVersion = 1;
	classes = {
	};
	objectVersion = 50;
	objects = {

/* Begin PBXBuildFile section */
		0B5AB4027DA2B42F5338E581 /* libPods-CampusJobs.a in Frameworks */ = {isa = PBXBuildFile; fileRef = 46E1136D26BA5B29970F9C4C /* libPods-CampusJobs.a */; };
		95B6920A3CEF6FA0A0C1AD56 /* libPods-CampusJobsUITests.a in Frameworks */ = {isa = PBXBuildFile; fileRef = 59C5EBBD5DE4F8C6302B1D04 /* libPods-CampusJobsUITests.a */; };
		B0FCB683D11A5C99E545A4DC /* libPods-CampusJobsTests.a in Frameworks */ = {isa = PBXBuildFile; fileRef = ED565AC89183BED45B9DBD13 /* libPods-CampusJobsTests.a */; };
		D3811B2D20FD3EA800EEA6FC /* Assets.xcassets in Resources */ = {isa = PBXBuildFile; fileRef = D3811B2C20FD3EA800EEA6FC /* Assets.xcassets */; };
		D38F039F20FFF30400EE35D1 /* Storyboard.storyboard in Resources */ = {isa = PBXBuildFile; fileRef = D38F039E20FFF30400EE35D1 /* Storyboard.storyboard */; };
		D38F03A521011DFE00EE35D1 /* TableViewController.m in Sources */ = {isa = PBXBuildFile; fileRef = D38F03A421011DFE00EE35D1 /* TableViewController.m */; };
		D38F03A82101214E00EE35D1 /* TableViewCell.m in Sources */ = {isa = PBXBuildFile; fileRef = D38F03A72101214E00EE35D1 /* TableViewCell.m */; };
		D38F03AB210136FB00EE35D1 /* DetailViewController.m in Sources */ = {isa = PBXBuildFile; fileRef = D38F03AA210136FB00EE35D1 /* DetailViewController.m */; };
		D38F03B021026D1A00EE35D1 /* TableViewHeader.m in Sources */ = {isa = PBXBuildFile; fileRef = D38F03AF21026D1A00EE35D1 /* TableViewHeader.m */; };
		D3E5A15920FD545800891964 /* LoginViewController.m in Sources */ = {isa = PBXBuildFile; fileRef = D3E5A15520FD545700891964 /* LoginViewController.m */; };
		D3E5A15A20FD545800891964 /* SignUpViewController.m in Sources */ = {isa = PBXBuildFile; fileRef = D3E5A15720FD545800891964 /* SignUpViewController.m */; };
		F32251F520FEA772003E4C08 /* Chat.storyboard in Resources */ = {isa = PBXBuildFile; fileRef = F32251F320FEA772003E4C08 /* Chat.storyboard */; };
		F338397F20FE9AA000364F86 /* ConversationsViewController.m in Sources */ = {isa = PBXBuildFile; fileRef = F338397E20FE9AA000364F86 /* ConversationsViewController.m */; };
		F338398620FE9B2300364F86 /* ConversationTableViewCell.m in Sources */ = {isa = PBXBuildFile; fileRef = F338398520FE9B2300364F86 /* ConversationTableViewCell.m */; };
		F359240620FFA8C20013FD61 /* ConversationDetailViewController.m in Sources */ = {isa = PBXBuildFile; fileRef = F359240520FFA8C20013FD61 /* ConversationDetailViewController.m */; };
		F37ADB8520FE8ABA004C593C /* LoginSignUp.storyboard in Resources */ = {isa = PBXBuildFile; fileRef = F37ADB8320FE8ABA004C593C /* LoginSignUp.storyboard */; };
		F3837B6C20FD5E37007CA1E3 /* Assets.xcassets in Resources */ = {isa = PBXBuildFile; fileRef = F3837B6B20FD5E37007CA1E3 /* Assets.xcassets */; };
		F39E66F020EFE12800381BE7 /* AppDelegate.m in Sources */ = {isa = PBXBuildFile; fileRef = F39E66EF20EFE12800381BE7 /* AppDelegate.m */; };
		F39E66F620EFE12900381BE7 /* Main.storyboard in Resources */ = {isa = PBXBuildFile; fileRef = F39E66F420EFE12900381BE7 /* Main.storyboard */; };
		F39E66FB20EFE12900381BE7 /* LaunchScreen.storyboard in Resources */ = {isa = PBXBuildFile; fileRef = F39E66F920EFE12900381BE7 /* LaunchScreen.storyboard */; };
		F39E66FE20EFE12900381BE7 /* main.m in Sources */ = {isa = PBXBuildFile; fileRef = F39E66FD20EFE12900381BE7 /* main.m */; };
		F39E670820EFE12900381BE7 /* CampusJobsTests.m in Sources */ = {isa = PBXBuildFile; fileRef = F39E670720EFE12900381BE7 /* CampusJobsTests.m */; };
		F39E671320EFE12900381BE7 /* CampusJobsUITests.m in Sources */ = {isa = PBXBuildFile; fileRef = F39E671220EFE12900381BE7 /* CampusJobsUITests.m */; };
		F39F4BEB20FD147200C11CD0 /* Post.m in Sources */ = {isa = PBXBuildFile; fileRef = F39F4BEA20FD147200C11CD0 /* Post.m */; };
		F39F4BEE20FD14A300C11CD0 /* Message.m in Sources */ = {isa = PBXBuildFile; fileRef = F39F4BED20FD14A300C11CD0 /* Message.m */; };
		F39F4BF120FD14C000C11CD0 /* Conversation.m in Sources */ = {isa = PBXBuildFile; fileRef = F39F4BF020FD14C000C11CD0 /* Conversation.m */; };
		F3AE9F752102A1CF007BB53A /* SuggestPriceViewController.m in Sources */ = {isa = PBXBuildFile; fileRef = F3AE9F742102A1CF007BB53A /* SuggestPriceViewController.m */; };
		F3B3947620FD451700379749 /* Helper.m in Sources */ = {isa = PBXBuildFile; fileRef = F3B3947520FD451700379749 /* Helper.m */; };
		F3DE3CF521064BCD008A536E /* MessageCollectionViewCell.m in Sources */ = {isa = PBXBuildFile; fileRef = F3DE3CF421064BCD008A536E /* MessageCollectionViewCell.m */; };
		FC5B61FE20FE9A8B00050EA7 /* NearbyPostCell.m in Sources */ = {isa = PBXBuildFile; fileRef = FC5B61FD20FE9A8B00050EA7 /* NearbyPostCell.m */; };
		FC6C7E2B20FD26FB00034CC4 /* FeedViewController.m in Sources */ = {isa = PBXBuildFile; fileRef = FC6C7E2A20FD26FB00034CC4 /* FeedViewController.m */; };
		FC6C7E2F20FD47D500034CC4 /* NearbyPostingsViewController.m in Sources */ = {isa = PBXBuildFile; fileRef = FC6C7E2E20FD47D500034CC4 /* NearbyPostingsViewController.m */; };
		FC6C7E3220FD47DF00034CC4 /* YourPostingsViewController.m in Sources */ = {isa = PBXBuildFile; fileRef = FC6C7E3120FD47DF00034CC4 /* YourPostingsViewController.m */; };
		FC6C7E3520FD4D5600034CC4 /* ComposeNewPostViewController.m in Sources */ = {isa = PBXBuildFile; fileRef = FC6C7E3420FD4D5600034CC4 /* ComposeNewPostViewController.m */; };
		FC6C7E3820FD51B600034CC4 /* PostDetailsViewController.m in Sources */ = {isa = PBXBuildFile; fileRef = FC6C7E3720FD51B600034CC4 /* PostDetailsViewController.m */; };
		FC8EA1A5210151890054C43D /* MapViewController.m in Sources */ = {isa = PBXBuildFile; fileRef = FC8EA1A4210151890054C43D /* MapViewController.m */; };
		FC8EA1AA21024AE60054C43D /* MapKit.framework in Frameworks */ = {isa = PBXBuildFile; fileRef = FC8EA1A921024AE60054C43D /* MapKit.framework */; };
		FCF9B1FB20FEAF340035051E /* PreviousUserPostCell.m in Sources */ = {isa = PBXBuildFile; fileRef = FCF9B1FA20FEAF340035051E /* PreviousUserPostCell.m */; };
/* End PBXBuildFile section */

/* Begin PBXContainerItemProxy section */
		F39E670420EFE12900381BE7 /* PBXContainerItemProxy */ = {
			isa = PBXContainerItemProxy;
			containerPortal = F39E66E320EFE12800381BE7 /* Project object */;
			proxyType = 1;
			remoteGlobalIDString = F39E66EA20EFE12800381BE7;
			remoteInfo = CampusJobs;
		};
		F39E670F20EFE12900381BE7 /* PBXContainerItemProxy */ = {
			isa = PBXContainerItemProxy;
			containerPortal = F39E66E320EFE12800381BE7 /* Project object */;
			proxyType = 1;
			remoteGlobalIDString = F39E66EA20EFE12800381BE7;
			remoteInfo = CampusJobs;
		};
/* End PBXContainerItemProxy section */

/* Begin PBXFileReference section */
		0DE65D414E7AC633E6910BA3 /* Pods-CampusJobsTests.release.xcconfig */ = {isa = PBXFileReference; includeInIndex = 1; lastKnownFileType = text.xcconfig; name = "Pods-CampusJobsTests.release.xcconfig"; path = "Pods/Target Support Files/Pods-CampusJobsTests/Pods-CampusJobsTests.release.xcconfig"; sourceTree = "<group>"; };
		1ADAE6FC0657CE3ECDAF80A7 /* Pods-CampusJobs.debug.xcconfig */ = {isa = PBXFileReference; includeInIndex = 1; lastKnownFileType = text.xcconfig; name = "Pods-CampusJobs.debug.xcconfig"; path = "Pods/Target Support Files/Pods-CampusJobs/Pods-CampusJobs.debug.xcconfig"; sourceTree = "<group>"; };
		46E1136D26BA5B29970F9C4C /* libPods-CampusJobs.a */ = {isa = PBXFileReference; explicitFileType = archive.ar; includeInIndex = 0; path = "libPods-CampusJobs.a"; sourceTree = BUILT_PRODUCTS_DIR; };
		59C5EBBD5DE4F8C6302B1D04 /* libPods-CampusJobsUITests.a */ = {isa = PBXFileReference; explicitFileType = archive.ar; includeInIndex = 0; path = "libPods-CampusJobsUITests.a"; sourceTree = BUILT_PRODUCTS_DIR; };
		686D45B7A17687051617033E /* Pods-CampusJobsTests.debug.xcconfig */ = {isa = PBXFileReference; includeInIndex = 1; lastKnownFileType = text.xcconfig; name = "Pods-CampusJobsTests.debug.xcconfig"; path = "Pods/Target Support Files/Pods-CampusJobsTests/Pods-CampusJobsTests.debug.xcconfig"; sourceTree = "<group>"; };
		85FB2DA46A125E1C89B8188E /* Pods-CampusJobsUITests.release.xcconfig */ = {isa = PBXFileReference; includeInIndex = 1; lastKnownFileType = text.xcconfig; name = "Pods-CampusJobsUITests.release.xcconfig"; path = "Pods/Target Support Files/Pods-CampusJobsUITests/Pods-CampusJobsUITests.release.xcconfig"; sourceTree = "<group>"; };
		BD498F905C1ED7EC86FBB555 /* Pods-CampusJobs.release.xcconfig */ = {isa = PBXFileReference; includeInIndex = 1; lastKnownFileType = text.xcconfig; name = "Pods-CampusJobs.release.xcconfig"; path = "Pods/Target Support Files/Pods-CampusJobs/Pods-CampusJobs.release.xcconfig"; sourceTree = "<group>"; };
		D3811B2C20FD3EA800EEA6FC /* Assets.xcassets */ = {isa = PBXFileReference; lastKnownFileType = folder.assetcatalog; name = Assets.xcassets; path = ../../.Trash/Assets.xcassets; sourceTree = "<group>"; };
		D38F039E20FFF30400EE35D1 /* Storyboard.storyboard */ = {isa = PBXFileReference; lastKnownFileType = file.storyboard; path = Storyboard.storyboard; sourceTree = "<group>"; };
		D38F03A321011DFE00EE35D1 /* TableViewController.h */ = {isa = PBXFileReference; lastKnownFileType = sourcecode.c.h; path = TableViewController.h; sourceTree = "<group>"; };
		D38F03A421011DFE00EE35D1 /* TableViewController.m */ = {isa = PBXFileReference; lastKnownFileType = sourcecode.c.objc; path = TableViewController.m; sourceTree = "<group>"; };
		D38F03A62101214E00EE35D1 /* TableViewCell.h */ = {isa = PBXFileReference; lastKnownFileType = sourcecode.c.h; path = TableViewCell.h; sourceTree = "<group>"; };
		D38F03A72101214E00EE35D1 /* TableViewCell.m */ = {isa = PBXFileReference; lastKnownFileType = sourcecode.c.objc; path = TableViewCell.m; sourceTree = "<group>"; };
		D38F03A9210136FB00EE35D1 /* DetailViewController.h */ = {isa = PBXFileReference; lastKnownFileType = sourcecode.c.h; path = DetailViewController.h; sourceTree = "<group>"; };
		D38F03AA210136FB00EE35D1 /* DetailViewController.m */ = {isa = PBXFileReference; lastKnownFileType = sourcecode.c.objc; path = DetailViewController.m; sourceTree = "<group>"; };
		D38F03AE21026D1A00EE35D1 /* TableViewHeader.h */ = {isa = PBXFileReference; lastKnownFileType = sourcecode.c.h; path = TableViewHeader.h; sourceTree = "<group>"; };
		D38F03AF21026D1A00EE35D1 /* TableViewHeader.m */ = {isa = PBXFileReference; lastKnownFileType = sourcecode.c.objc; path = TableViewHeader.m; sourceTree = "<group>"; };
		D3E5A15520FD545700891964 /* LoginViewController.m */ = {isa = PBXFileReference; fileEncoding = 4; lastKnownFileType = sourcecode.c.objc; path = LoginViewController.m; sourceTree = "<group>"; };
		D3E5A15620FD545700891964 /* SignUpViewController.h */ = {isa = PBXFileReference; fileEncoding = 4; lastKnownFileType = sourcecode.c.h; path = SignUpViewController.h; sourceTree = "<group>"; };
		D3E5A15720FD545800891964 /* SignUpViewController.m */ = {isa = PBXFileReference; fileEncoding = 4; lastKnownFileType = sourcecode.c.objc; path = SignUpViewController.m; sourceTree = "<group>"; };
		D3E5A15820FD545800891964 /* LoginViewController.h */ = {isa = PBXFileReference; fileEncoding = 4; lastKnownFileType = sourcecode.c.h; path = LoginViewController.h; sourceTree = "<group>"; };
		E2EF0A3DE1BD1C22A5290BBB /* Pods-CampusJobsUITests.debug.xcconfig */ = {isa = PBXFileReference; includeInIndex = 1; lastKnownFileType = text.xcconfig; name = "Pods-CampusJobsUITests.debug.xcconfig"; path = "Pods/Target Support Files/Pods-CampusJobsUITests/Pods-CampusJobsUITests.debug.xcconfig"; sourceTree = "<group>"; };
		ED565AC89183BED45B9DBD13 /* libPods-CampusJobsTests.a */ = {isa = PBXFileReference; explicitFileType = archive.ar; includeInIndex = 0; path = "libPods-CampusJobsTests.a"; sourceTree = BUILT_PRODUCTS_DIR; };
		F32251F420FEA772003E4C08 /* Base */ = {isa = PBXFileReference; lastKnownFileType = file.storyboard; name = Base; path = Base.lproj/Chat.storyboard; sourceTree = "<group>"; };
		F338397D20FE9AA000364F86 /* ConversationsViewController.h */ = {isa = PBXFileReference; lastKnownFileType = sourcecode.c.h; path = ConversationsViewController.h; sourceTree = "<group>"; };
		F338397E20FE9AA000364F86 /* ConversationsViewController.m */ = {isa = PBXFileReference; lastKnownFileType = sourcecode.c.objc; path = ConversationsViewController.m; sourceTree = "<group>"; };
		F338398420FE9B2300364F86 /* ConversationTableViewCell.h */ = {isa = PBXFileReference; lastKnownFileType = sourcecode.c.h; path = ConversationTableViewCell.h; sourceTree = "<group>"; };
		F338398520FE9B2300364F86 /* ConversationTableViewCell.m */ = {isa = PBXFileReference; lastKnownFileType = sourcecode.c.objc; path = ConversationTableViewCell.m; sourceTree = "<group>"; };
		F359240420FFA8C20013FD61 /* ConversationDetailViewController.h */ = {isa = PBXFileReference; lastKnownFileType = sourcecode.c.h; path = ConversationDetailViewController.h; sourceTree = "<group>"; };
		F359240520FFA8C20013FD61 /* ConversationDetailViewController.m */ = {isa = PBXFileReference; lastKnownFileType = sourcecode.c.objc; path = ConversationDetailViewController.m; sourceTree = "<group>"; };
		F37ADB8420FE8ABA004C593C /* Base */ = {isa = PBXFileReference; lastKnownFileType = file.storyboard; name = Base; path = Base.lproj/LoginSignUp.storyboard; sourceTree = "<group>"; };
		F3837B6B20FD5E37007CA1E3 /* Assets.xcassets */ = {isa = PBXFileReference; lastKnownFileType = folder.assetcatalog; path = Assets.xcassets; sourceTree = "<group>"; };
		F39E66EB20EFE12800381BE7 /* CampusJobs.app */ = {isa = PBXFileReference; explicitFileType = wrapper.application; includeInIndex = 0; path = CampusJobs.app; sourceTree = BUILT_PRODUCTS_DIR; };
		F39E66EE20EFE12800381BE7 /* AppDelegate.h */ = {isa = PBXFileReference; lastKnownFileType = sourcecode.c.h; path = AppDelegate.h; sourceTree = "<group>"; };
		F39E66EF20EFE12800381BE7 /* AppDelegate.m */ = {isa = PBXFileReference; lastKnownFileType = sourcecode.c.objc; path = AppDelegate.m; sourceTree = "<group>"; };
		F39E66F520EFE12900381BE7 /* Base */ = {isa = PBXFileReference; lastKnownFileType = file.storyboard; name = Base; path = Base.lproj/Main.storyboard; sourceTree = "<group>"; };
		F39E66FA20EFE12900381BE7 /* Base */ = {isa = PBXFileReference; lastKnownFileType = file.storyboard; name = Base; path = Base.lproj/LaunchScreen.storyboard; sourceTree = "<group>"; };
		F39E66FC20EFE12900381BE7 /* Info.plist */ = {isa = PBXFileReference; lastKnownFileType = text.plist.xml; path = Info.plist; sourceTree = "<group>"; };
		F39E66FD20EFE12900381BE7 /* main.m */ = {isa = PBXFileReference; lastKnownFileType = sourcecode.c.objc; path = main.m; sourceTree = "<group>"; };
		F39E670320EFE12900381BE7 /* CampusJobsTests.xctest */ = {isa = PBXFileReference; explicitFileType = wrapper.cfbundle; includeInIndex = 0; path = CampusJobsTests.xctest; sourceTree = BUILT_PRODUCTS_DIR; };
		F39E670720EFE12900381BE7 /* CampusJobsTests.m */ = {isa = PBXFileReference; lastKnownFileType = sourcecode.c.objc; path = CampusJobsTests.m; sourceTree = "<group>"; };
		F39E670920EFE12900381BE7 /* Info.plist */ = {isa = PBXFileReference; lastKnownFileType = text.plist.xml; path = Info.plist; sourceTree = "<group>"; };
		F39E670E20EFE12900381BE7 /* CampusJobsUITests.xctest */ = {isa = PBXFileReference; explicitFileType = wrapper.cfbundle; includeInIndex = 0; path = CampusJobsUITests.xctest; sourceTree = BUILT_PRODUCTS_DIR; };
		F39E671220EFE12900381BE7 /* CampusJobsUITests.m */ = {isa = PBXFileReference; lastKnownFileType = sourcecode.c.objc; path = CampusJobsUITests.m; sourceTree = "<group>"; };
		F39E671420EFE12900381BE7 /* Info.plist */ = {isa = PBXFileReference; lastKnownFileType = text.plist.xml; path = Info.plist; sourceTree = "<group>"; };
		F39F4BE920FD147200C11CD0 /* Post.h */ = {isa = PBXFileReference; lastKnownFileType = sourcecode.c.h; path = Post.h; sourceTree = "<group>"; };
		F39F4BEA20FD147200C11CD0 /* Post.m */ = {isa = PBXFileReference; lastKnownFileType = sourcecode.c.objc; path = Post.m; sourceTree = "<group>"; };
		F39F4BEC20FD14A300C11CD0 /* Message.h */ = {isa = PBXFileReference; lastKnownFileType = sourcecode.c.h; path = Message.h; sourceTree = "<group>"; };
		F39F4BED20FD14A300C11CD0 /* Message.m */ = {isa = PBXFileReference; lastKnownFileType = sourcecode.c.objc; path = Message.m; sourceTree = "<group>"; };
		F39F4BEF20FD14C000C11CD0 /* Conversation.h */ = {isa = PBXFileReference; lastKnownFileType = sourcecode.c.h; path = Conversation.h; sourceTree = "<group>"; };
		F39F4BF020FD14C000C11CD0 /* Conversation.m */ = {isa = PBXFileReference; lastKnownFileType = sourcecode.c.objc; path = Conversation.m; sourceTree = "<group>"; };
		F3AE9F732102A1CF007BB53A /* SuggestPriceViewController.h */ = {isa = PBXFileReference; lastKnownFileType = sourcecode.c.h; path = SuggestPriceViewController.h; sourceTree = "<group>"; };
		F3AE9F742102A1CF007BB53A /* SuggestPriceViewController.m */ = {isa = PBXFileReference; lastKnownFileType = sourcecode.c.objc; path = SuggestPriceViewController.m; sourceTree = "<group>"; };
		F3B3947420FD451700379749 /* Helper.h */ = {isa = PBXFileReference; lastKnownFileType = sourcecode.c.h; path = Helper.h; sourceTree = "<group>"; };
		F3B3947520FD451700379749 /* Helper.m */ = {isa = PBXFileReference; lastKnownFileType = sourcecode.c.objc; path = Helper.m; sourceTree = "<group>"; };
		F3DE3CF321064BCD008A536E /* MessageCollectionViewCell.h */ = {isa = PBXFileReference; lastKnownFileType = sourcecode.c.h; path = MessageCollectionViewCell.h; sourceTree = "<group>"; };
		F3DE3CF421064BCD008A536E /* MessageCollectionViewCell.m */ = {isa = PBXFileReference; lastKnownFileType = sourcecode.c.objc; path = MessageCollectionViewCell.m; sourceTree = "<group>"; };
		FC5B61FC20FE9A8B00050EA7 /* NearbyPostCell.h */ = {isa = PBXFileReference; lastKnownFileType = sourcecode.c.h; path = NearbyPostCell.h; sourceTree = "<group>"; };
		FC5B61FD20FE9A8B00050EA7 /* NearbyPostCell.m */ = {isa = PBXFileReference; lastKnownFileType = sourcecode.c.objc; path = NearbyPostCell.m; sourceTree = "<group>"; };
		FC6C7E2920FD26FB00034CC4 /* FeedViewController.h */ = {isa = PBXFileReference; lastKnownFileType = sourcecode.c.h; path = FeedViewController.h; sourceTree = "<group>"; };
		FC6C7E2A20FD26FB00034CC4 /* FeedViewController.m */ = {isa = PBXFileReference; lastKnownFileType = sourcecode.c.objc; path = FeedViewController.m; sourceTree = "<group>"; };
		FC6C7E2D20FD47D500034CC4 /* NearbyPostingsViewController.h */ = {isa = PBXFileReference; lastKnownFileType = sourcecode.c.h; path = NearbyPostingsViewController.h; sourceTree = "<group>"; };
		FC6C7E2E20FD47D500034CC4 /* NearbyPostingsViewController.m */ = {isa = PBXFileReference; lastKnownFileType = sourcecode.c.objc; path = NearbyPostingsViewController.m; sourceTree = "<group>"; };
		FC6C7E3020FD47DF00034CC4 /* YourPostingsViewController.h */ = {isa = PBXFileReference; lastKnownFileType = sourcecode.c.h; path = YourPostingsViewController.h; sourceTree = "<group>"; };
		FC6C7E3120FD47DF00034CC4 /* YourPostingsViewController.m */ = {isa = PBXFileReference; lastKnownFileType = sourcecode.c.objc; path = YourPostingsViewController.m; sourceTree = "<group>"; };
		FC6C7E3320FD4D5600034CC4 /* ComposeNewPostViewController.h */ = {isa = PBXFileReference; lastKnownFileType = sourcecode.c.h; path = ComposeNewPostViewController.h; sourceTree = "<group>"; };
		FC6C7E3420FD4D5600034CC4 /* ComposeNewPostViewController.m */ = {isa = PBXFileReference; lastKnownFileType = sourcecode.c.objc; path = ComposeNewPostViewController.m; sourceTree = "<group>"; };
		FC6C7E3620FD51B600034CC4 /* PostDetailsViewController.h */ = {isa = PBXFileReference; lastKnownFileType = sourcecode.c.h; path = PostDetailsViewController.h; sourceTree = "<group>"; };
		FC6C7E3720FD51B600034CC4 /* PostDetailsViewController.m */ = {isa = PBXFileReference; lastKnownFileType = sourcecode.c.objc; path = PostDetailsViewController.m; sourceTree = "<group>"; };
		FC8EA1A3210151890054C43D /* MapViewController.h */ = {isa = PBXFileReference; lastKnownFileType = sourcecode.c.h; path = MapViewController.h; sourceTree = "<group>"; };
		FC8EA1A4210151890054C43D /* MapViewController.m */ = {isa = PBXFileReference; lastKnownFileType = sourcecode.c.objc; path = MapViewController.m; sourceTree = "<group>"; };
		FC8EA1A921024AE60054C43D /* MapKit.framework */ = {isa = PBXFileReference; lastKnownFileType = wrapper.framework; name = MapKit.framework; path = System/Library/Frameworks/MapKit.framework; sourceTree = SDKROOT; };
		FCF9B1F920FEAF340035051E /* PreviousUserPostCell.h */ = {isa = PBXFileReference; lastKnownFileType = sourcecode.c.h; path = PreviousUserPostCell.h; sourceTree = "<group>"; };
		FCF9B1FA20FEAF340035051E /* PreviousUserPostCell.m */ = {isa = PBXFileReference; lastKnownFileType = sourcecode.c.objc; path = PreviousUserPostCell.m; sourceTree = "<group>"; };
/* End PBXFileReference section */

/* Begin PBXFrameworksBuildPhase section */
		F39E66E820EFE12800381BE7 /* Frameworks */ = {
			isa = PBXFrameworksBuildPhase;
			buildActionMask = 2147483647;
			files = (
				FC8EA1AA21024AE60054C43D /* MapKit.framework in Frameworks */,
				0B5AB4027DA2B42F5338E581 /* libPods-CampusJobs.a in Frameworks */,
			);
			runOnlyForDeploymentPostprocessing = 0;
		};
		F39E670020EFE12900381BE7 /* Frameworks */ = {
			isa = PBXFrameworksBuildPhase;
			buildActionMask = 2147483647;
			files = (
				B0FCB683D11A5C99E545A4DC /* libPods-CampusJobsTests.a in Frameworks */,
			);
			runOnlyForDeploymentPostprocessing = 0;
		};
		F39E670B20EFE12900381BE7 /* Frameworks */ = {
			isa = PBXFrameworksBuildPhase;
			buildActionMask = 2147483647;
			files = (
				95B6920A3CEF6FA0A0C1AD56 /* libPods-CampusJobsUITests.a in Frameworks */,
			);
			runOnlyForDeploymentPostprocessing = 0;
		};
/* End PBXFrameworksBuildPhase section */

/* Begin PBXGroup section */
		2ED8957605F6C946F37EFB97 /* Frameworks */ = {
			isa = PBXGroup;
			children = (
				FC8EA1A921024AE60054C43D /* MapKit.framework */,
				46E1136D26BA5B29970F9C4C /* libPods-CampusJobs.a */,
				ED565AC89183BED45B9DBD13 /* libPods-CampusJobsTests.a */,
				59C5EBBD5DE4F8C6302B1D04 /* libPods-CampusJobsUITests.a */,
			);
			name = Frameworks;
			sourceTree = "<group>";
		};
		B51BE74DA0F4FFAD537D3A1A /* Pods */ = {
			isa = PBXGroup;
			children = (
				1ADAE6FC0657CE3ECDAF80A7 /* Pods-CampusJobs.debug.xcconfig */,
				BD498F905C1ED7EC86FBB555 /* Pods-CampusJobs.release.xcconfig */,
				686D45B7A17687051617033E /* Pods-CampusJobsTests.debug.xcconfig */,
				0DE65D414E7AC633E6910BA3 /* Pods-CampusJobsTests.release.xcconfig */,
				E2EF0A3DE1BD1C22A5290BBB /* Pods-CampusJobsUITests.debug.xcconfig */,
				85FB2DA46A125E1C89B8188E /* Pods-CampusJobsUITests.release.xcconfig */,
			);
			name = Pods;
			sourceTree = "<group>";
		};
		D38F03AD2101643500EE35D1 /* Recovered References */ = {
			isa = PBXGroup;
			children = (
				D3811B2C20FD3EA800EEA6FC /* Assets.xcassets */,
			);
			name = "Recovered References";
			sourceTree = "<group>";
		};
		F39E66E220EFE12800381BE7 = {
			isa = PBXGroup;
			children = (
				F39E66ED20EFE12800381BE7 /* CampusJobs */,
				F39E670620EFE12900381BE7 /* CampusJobsTests */,
				F39E671120EFE12900381BE7 /* CampusJobsUITests */,
				F39E66EC20EFE12800381BE7 /* Products */,
				B51BE74DA0F4FFAD537D3A1A /* Pods */,
				2ED8957605F6C946F37EFB97 /* Frameworks */,
				FC8EA1AB2102578F0054C43D /* Recovered References */,
				D38F03AD2101643500EE35D1 /* Recovered References */,
			);
			sourceTree = "<group>";
		};
		F39E66EC20EFE12800381BE7 /* Products */ = {
			isa = PBXGroup;
			children = (
				F39E66EB20EFE12800381BE7 /* CampusJobs.app */,
				F39E670320EFE12900381BE7 /* CampusJobsTests.xctest */,
				F39E670E20EFE12900381BE7 /* CampusJobsUITests.xctest */,
			);
			name = Products;
			sourceTree = "<group>";
		};
		F39E66ED20EFE12800381BE7 /* CampusJobs */ = {
			isa = PBXGroup;
			children = (
				FC8D08DD20FFA89E00086062 /* Storyboards */,
				FC5B61FF20FE9ADE00050EA7 /* Cells */,
				FC6C7E2C20FD271400034CC4 /* ViewControllers */,
				F39F4BE820FD146100C11CD0 /* Models */,
				F39E66EE20EFE12800381BE7 /* AppDelegate.h */,
				F39E66EF20EFE12800381BE7 /* AppDelegate.m */,
				D38F039E20FFF30400EE35D1 /* Storyboard.storyboard */,
				D38F03A321011DFE00EE35D1 /* TableViewController.h */,
				D38F03A421011DFE00EE35D1 /* TableViewController.m */,
				D38F03A62101214E00EE35D1 /* TableViewCell.h */,
				D38F03A72101214E00EE35D1 /* TableViewCell.m */,
				D38F03A9210136FB00EE35D1 /* DetailViewController.h */,
				D38F03AA210136FB00EE35D1 /* DetailViewController.m */,
				D38F03AE21026D1A00EE35D1 /* TableViewHeader.h */,
				D38F03AF21026D1A00EE35D1 /* TableViewHeader.m */,
				F39E66FC20EFE12900381BE7 /* Info.plist */,
				F39E66FD20EFE12900381BE7 /* main.m */,
				F3837B6B20FD5E37007CA1E3 /* Assets.xcassets */,
			);
			path = CampusJobs;
			sourceTree = "<group>";
		};
		F39E670620EFE12900381BE7 /* CampusJobsTests */ = {
			isa = PBXGroup;
			children = (
				F39E670720EFE12900381BE7 /* CampusJobsTests.m */,
				F39E670920EFE12900381BE7 /* Info.plist */,
			);
			path = CampusJobsTests;
			sourceTree = "<group>";
		};
		F39E671120EFE12900381BE7 /* CampusJobsUITests */ = {
			isa = PBXGroup;
			children = (
				F39E671220EFE12900381BE7 /* CampusJobsUITests.m */,
				F39E671420EFE12900381BE7 /* Info.plist */,
			);
			path = CampusJobsUITests;
			sourceTree = "<group>";
		};
		F39F4BE820FD146100C11CD0 /* Models */ = {
			isa = PBXGroup;
			children = (
				F39F4BE920FD147200C11CD0 /* Post.h */,
				F39F4BEA20FD147200C11CD0 /* Post.m */,
				F39F4BEC20FD14A300C11CD0 /* Message.h */,
				F39F4BED20FD14A300C11CD0 /* Message.m */,
				F39F4BEF20FD14C000C11CD0 /* Conversation.h */,
				F39F4BF020FD14C000C11CD0 /* Conversation.m */,
				F3B3947420FD451700379749 /* Helper.h */,
				F3B3947520FD451700379749 /* Helper.m */,
			);
			path = Models;
			sourceTree = "<group>";
		};
		FC5B61FF20FE9ADE00050EA7 /* Cells */ = {
			isa = PBXGroup;
			children = (
				FC5B61FC20FE9A8B00050EA7 /* NearbyPostCell.h */,
				FC5B61FD20FE9A8B00050EA7 /* NearbyPostCell.m */,
				FCF9B1F920FEAF340035051E /* PreviousUserPostCell.h */,
				FCF9B1FA20FEAF340035051E /* PreviousUserPostCell.m */,
				F338398420FE9B2300364F86 /* ConversationTableViewCell.h */,
				F338398520FE9B2300364F86 /* ConversationTableViewCell.m */,
				F3DE3CF321064BCD008A536E /* MessageCollectionViewCell.h */,
				F3DE3CF421064BCD008A536E /* MessageCollectionViewCell.m */,
			);
			path = Cells;
			sourceTree = "<group>";
		};
		FC6C7E2C20FD271400034CC4 /* ViewControllers */ = {
			isa = PBXGroup;
			children = (
				FC6C7E3420FD4D5600034CC4 /* ComposeNewPostViewController.m */,
				FC6C7E3320FD4D5600034CC4 /* ComposeNewPostViewController.h */,
				FC6C7E2920FD26FB00034CC4 /* FeedViewController.h */,
				FC6C7E2A20FD26FB00034CC4 /* FeedViewController.m */,
				FC6C7E2D20FD47D500034CC4 /* NearbyPostingsViewController.h */,
				FC6C7E2E20FD47D500034CC4 /* NearbyPostingsViewController.m */,
				FC6C7E3020FD47DF00034CC4 /* YourPostingsViewController.h */,
				FC6C7E3120FD47DF00034CC4 /* YourPostingsViewController.m */,
				FC6C7E3620FD51B600034CC4 /* PostDetailsViewController.h */,
				FC6C7E3720FD51B600034CC4 /* PostDetailsViewController.m */,
				D3E5A15820FD545800891964 /* LoginViewController.h */,
				D3E5A15520FD545700891964 /* LoginViewController.m */,
				D3E5A15620FD545700891964 /* SignUpViewController.h */,
				D3E5A15720FD545800891964 /* SignUpViewController.m */,
				F338397D20FE9AA000364F86 /* ConversationsViewController.h */,
				F338397E20FE9AA000364F86 /* ConversationsViewController.m */,
				F359240420FFA8C20013FD61 /* ConversationDetailViewController.h */,
				F359240520FFA8C20013FD61 /* ConversationDetailViewController.m */,
				FC8EA1A3210151890054C43D /* MapViewController.h */,
				FC8EA1A4210151890054C43D /* MapViewController.m */,
				F3AE9F732102A1CF007BB53A /* SuggestPriceViewController.h */,
				F3AE9F742102A1CF007BB53A /* SuggestPriceViewController.m */,
			);
			path = ViewControllers;
			sourceTree = "<group>";
		};
		FC8D08DD20FFA89E00086062 /* Storyboards */ = {
			isa = PBXGroup;
			children = (
				F39E66F420EFE12900381BE7 /* Main.storyboard */,
				F32251F320FEA772003E4C08 /* Chat.storyboard */,
				F37ADB8320FE8ABA004C593C /* LoginSignUp.storyboard */,
				F39E66F920EFE12900381BE7 /* LaunchScreen.storyboard */,
				D38F039E20FFF30400EE35D1 /* Storyboard.storyboard */,
			);
			path = Storyboards;
			sourceTree = "<group>";
		};
		FC8EA1AB2102578F0054C43D /* Recovered References */ = {
			isa = PBXGroup;
			children = (
			);
			name = "Recovered References";
			sourceTree = "<group>";
		};
/* End PBXGroup section */

/* Begin PBXNativeTarget section */
		F39E66EA20EFE12800381BE7 /* CampusJobs */ = {
			isa = PBXNativeTarget;
			buildConfigurationList = F39E671720EFE12900381BE7 /* Build configuration list for PBXNativeTarget "CampusJobs" */;
			buildPhases = (
				5A078B8E40ED15028D7253B6 /* [CP] Check Pods Manifest.lock */,
				F39E66E720EFE12800381BE7 /* Sources */,
				F39E66E820EFE12800381BE7 /* Frameworks */,
				F39E66E920EFE12800381BE7 /* Resources */,
				F08F9112CEB03B12FBE3281A /* [CP] Copy Pods Resources */,
			);
			buildRules = (
			);
			dependencies = (
			);
			name = CampusJobs;
			productName = CampusJobs;
			productReference = F39E66EB20EFE12800381BE7 /* CampusJobs.app */;
			productType = "com.apple.product-type.application";
		};
		F39E670220EFE12900381BE7 /* CampusJobsTests */ = {
			isa = PBXNativeTarget;
			buildConfigurationList = F39E671A20EFE12900381BE7 /* Build configuration list for PBXNativeTarget "CampusJobsTests" */;
			buildPhases = (
				894BAB6F9D12B0E0A8DB4DE0 /* [CP] Check Pods Manifest.lock */,
				F39E66FF20EFE12900381BE7 /* Sources */,
				F39E670020EFE12900381BE7 /* Frameworks */,
				F39E670120EFE12900381BE7 /* Resources */,
			);
			buildRules = (
			);
			dependencies = (
				F39E670520EFE12900381BE7 /* PBXTargetDependency */,
			);
			name = CampusJobsTests;
			productName = CampusJobsTests;
			productReference = F39E670320EFE12900381BE7 /* CampusJobsTests.xctest */;
			productType = "com.apple.product-type.bundle.unit-test";
		};
		F39E670D20EFE12900381BE7 /* CampusJobsUITests */ = {
			isa = PBXNativeTarget;
			buildConfigurationList = F39E671D20EFE12900381BE7 /* Build configuration list for PBXNativeTarget "CampusJobsUITests" */;
			buildPhases = (
				17730A6D1311920D1E1989A0 /* [CP] Check Pods Manifest.lock */,
				F39E670A20EFE12900381BE7 /* Sources */,
				F39E670B20EFE12900381BE7 /* Frameworks */,
				F39E670C20EFE12900381BE7 /* Resources */,
			);
			buildRules = (
			);
			dependencies = (
				F39E671020EFE12900381BE7 /* PBXTargetDependency */,
			);
			name = CampusJobsUITests;
			productName = CampusJobsUITests;
			productReference = F39E670E20EFE12900381BE7 /* CampusJobsUITests.xctest */;
			productType = "com.apple.product-type.bundle.ui-testing";
		};
/* End PBXNativeTarget section */

/* Begin PBXProject section */
		F39E66E320EFE12800381BE7 /* Project object */ = {
			isa = PBXProject;
			attributes = {
				LastUpgradeCheck = 0940;
				ORGANIZATIONNAME = "So What";
				TargetAttributes = {
					F39E66EA20EFE12800381BE7 = {
						CreatedOnToolsVersion = 9.4.1;
					};
					F39E670220EFE12900381BE7 = {
						CreatedOnToolsVersion = 9.4.1;
						TestTargetID = F39E66EA20EFE12800381BE7;
					};
					F39E670D20EFE12900381BE7 = {
						CreatedOnToolsVersion = 9.4.1;
						TestTargetID = F39E66EA20EFE12800381BE7;
					};
				};
			};
			buildConfigurationList = F39E66E620EFE12800381BE7 /* Build configuration list for PBXProject "CampusJobs" */;
			compatibilityVersion = "Xcode 9.3";
			developmentRegion = en;
			hasScannedForEncodings = 0;
			knownRegions = (
				en,
				Base,
			);
			mainGroup = F39E66E220EFE12800381BE7;
			productRefGroup = F39E66EC20EFE12800381BE7 /* Products */;
			projectDirPath = "";
			projectRoot = "";
			targets = (
				F39E66EA20EFE12800381BE7 /* CampusJobs */,
				F39E670220EFE12900381BE7 /* CampusJobsTests */,
				F39E670D20EFE12900381BE7 /* CampusJobsUITests */,
			);
		};
/* End PBXProject section */

/* Begin PBXResourcesBuildPhase section */
		F39E66E920EFE12800381BE7 /* Resources */ = {
			isa = PBXResourcesBuildPhase;
			buildActionMask = 2147483647;
			files = (
				F37ADB8520FE8ABA004C593C /* LoginSignUp.storyboard in Resources */,
				F39E66FB20EFE12900381BE7 /* LaunchScreen.storyboard in Resources */,
				D38F039F20FFF30400EE35D1 /* Storyboard.storyboard in Resources */,
				D3811B2D20FD3EA800EEA6FC /* Assets.xcassets in Resources */,
				F3837B6C20FD5E37007CA1E3 /* Assets.xcassets in Resources */,
				F32251F520FEA772003E4C08 /* Chat.storyboard in Resources */,
				F39E66F620EFE12900381BE7 /* Main.storyboard in Resources */,
			);
			runOnlyForDeploymentPostprocessing = 0;
		};
		F39E670120EFE12900381BE7 /* Resources */ = {
			isa = PBXResourcesBuildPhase;
			buildActionMask = 2147483647;
			files = (
			);
			runOnlyForDeploymentPostprocessing = 0;
		};
		F39E670C20EFE12900381BE7 /* Resources */ = {
			isa = PBXResourcesBuildPhase;
			buildActionMask = 2147483647;
			files = (
			);
			runOnlyForDeploymentPostprocessing = 0;
		};
/* End PBXResourcesBuildPhase section */

/* Begin PBXShellScriptBuildPhase section */
		17730A6D1311920D1E1989A0 /* [CP] Check Pods Manifest.lock */ = {
			isa = PBXShellScriptBuildPhase;
			buildActionMask = 2147483647;
			files = (
			);
			inputPaths = (
				"${PODS_PODFILE_DIR_PATH}/Podfile.lock",
				"${PODS_ROOT}/Manifest.lock",
			);
			name = "[CP] Check Pods Manifest.lock";
			outputPaths = (
				"$(DERIVED_FILE_DIR)/Pods-CampusJobsUITests-checkManifestLockResult.txt",
			);
			runOnlyForDeploymentPostprocessing = 0;
			shellPath = /bin/sh;
			shellScript = "diff \"${PODS_PODFILE_DIR_PATH}/Podfile.lock\" \"${PODS_ROOT}/Manifest.lock\" > /dev/null\nif [ $? != 0 ] ; then\n    # print error to STDERR\n    echo \"error: The sandbox is not in sync with the Podfile.lock. Run 'pod install' or update your CocoaPods installation.\" >&2\n    exit 1\nfi\n# This output is used by Xcode 'outputs' to avoid re-running this script phase.\necho \"SUCCESS\" > \"${SCRIPT_OUTPUT_FILE_0}\"\n";
			showEnvVarsInLog = 0;
		};
		5A078B8E40ED15028D7253B6 /* [CP] Check Pods Manifest.lock */ = {
			isa = PBXShellScriptBuildPhase;
			buildActionMask = 2147483647;
			files = (
			);
			inputPaths = (
				"${PODS_PODFILE_DIR_PATH}/Podfile.lock",
				"${PODS_ROOT}/Manifest.lock",
			);
			name = "[CP] Check Pods Manifest.lock";
			outputPaths = (
				"$(DERIVED_FILE_DIR)/Pods-CampusJobs-checkManifestLockResult.txt",
			);
			runOnlyForDeploymentPostprocessing = 0;
			shellPath = /bin/sh;
			shellScript = "diff \"${PODS_PODFILE_DIR_PATH}/Podfile.lock\" \"${PODS_ROOT}/Manifest.lock\" > /dev/null\nif [ $? != 0 ] ; then\n    # print error to STDERR\n    echo \"error: The sandbox is not in sync with the Podfile.lock. Run 'pod install' or update your CocoaPods installation.\" >&2\n    exit 1\nfi\n# This output is used by Xcode 'outputs' to avoid re-running this script phase.\necho \"SUCCESS\" > \"${SCRIPT_OUTPUT_FILE_0}\"\n";
			showEnvVarsInLog = 0;
		};
		894BAB6F9D12B0E0A8DB4DE0 /* [CP] Check Pods Manifest.lock */ = {
			isa = PBXShellScriptBuildPhase;
			buildActionMask = 2147483647;
			files = (
			);
			inputPaths = (
				"${PODS_PODFILE_DIR_PATH}/Podfile.lock",
				"${PODS_ROOT}/Manifest.lock",
			);
			name = "[CP] Check Pods Manifest.lock";
			outputPaths = (
				"$(DERIVED_FILE_DIR)/Pods-CampusJobsTests-checkManifestLockResult.txt",
			);
			runOnlyForDeploymentPostprocessing = 0;
			shellPath = /bin/sh;
			shellScript = "diff \"${PODS_PODFILE_DIR_PATH}/Podfile.lock\" \"${PODS_ROOT}/Manifest.lock\" > /dev/null\nif [ $? != 0 ] ; then\n    # print error to STDERR\n    echo \"error: The sandbox is not in sync with the Podfile.lock. Run 'pod install' or update your CocoaPods installation.\" >&2\n    exit 1\nfi\n# This output is used by Xcode 'outputs' to avoid re-running this script phase.\necho \"SUCCESS\" > \"${SCRIPT_OUTPUT_FILE_0}\"\n";
			showEnvVarsInLog = 0;
		};
		F08F9112CEB03B12FBE3281A /* [CP] Copy Pods Resources */ = {
			isa = PBXShellScriptBuildPhase;
			buildActionMask = 2147483647;
			files = (
			);
			inputPaths = (
				"${SRCROOT}/Pods/Target Support Files/Pods-CampusJobs/Pods-CampusJobs-resources.sh",
				"${PODS_CONFIGURATION_BUILD_DIR}/Parse/Parse.bundle",
			);
			name = "[CP] Copy Pods Resources";
			outputPaths = (
				"${TARGET_BUILD_DIR}/${UNLOCALIZED_RESOURCES_FOLDER_PATH}/Parse.bundle",
			);
			runOnlyForDeploymentPostprocessing = 0;
			shellPath = /bin/sh;
			shellScript = "\"${SRCROOT}/Pods/Target Support Files/Pods-CampusJobs/Pods-CampusJobs-resources.sh\"\n";
			showEnvVarsInLog = 0;
		};
/* End PBXShellScriptBuildPhase section */

/* Begin PBXSourcesBuildPhase section */
		F39E66E720EFE12800381BE7 /* Sources */ = {
			isa = PBXSourcesBuildPhase;
			buildActionMask = 2147483647;
			files = (
				D38F03A521011DFE00EE35D1 /* TableViewController.m in Sources */,
				D38F03A82101214E00EE35D1 /* TableViewCell.m in Sources */,
				F359240620FFA8C20013FD61 /* ConversationDetailViewController.m in Sources */,
				FC5B61FE20FE9A8B00050EA7 /* NearbyPostCell.m in Sources */,
				F3DE3CF521064BCD008A536E /* MessageCollectionViewCell.m in Sources */,
				F338397F20FE9AA000364F86 /* ConversationsViewController.m in Sources */,
				F39F4BF120FD14C000C11CD0 /* Conversation.m in Sources */,
				F39E66FE20EFE12900381BE7 /* main.m in Sources */,
				FCF9B1FB20FEAF340035051E /* PreviousUserPostCell.m in Sources */,
				D38F03B021026D1A00EE35D1 /* TableViewHeader.m in Sources */,
				FC8EA1A5210151890054C43D /* MapViewController.m in Sources */,
				F39F4BEE20FD14A300C11CD0 /* Message.m in Sources */,
				F338398620FE9B2300364F86 /* ConversationTableViewCell.m in Sources */,
				FC6C7E3820FD51B600034CC4 /* PostDetailsViewController.m in Sources */,
				FC6C7E2F20FD47D500034CC4 /* NearbyPostingsViewController.m in Sources */,
				F3AE9F752102A1CF007BB53A /* SuggestPriceViewController.m in Sources */,
				F39E66F020EFE12800381BE7 /* AppDelegate.m in Sources */,
				D3E5A15920FD545800891964 /* LoginViewController.m in Sources */,
				D3E5A15A20FD545800891964 /* SignUpViewController.m in Sources */,
				D38F03AB210136FB00EE35D1 /* DetailViewController.m in Sources */,
				FC6C7E2B20FD26FB00034CC4 /* FeedViewController.m in Sources */,
				FC6C7E3220FD47DF00034CC4 /* YourPostingsViewController.m in Sources */,
				FC6C7E3520FD4D5600034CC4 /* ComposeNewPostViewController.m in Sources */,
				F39F4BEB20FD147200C11CD0 /* Post.m in Sources */,
				F3B3947620FD451700379749 /* Helper.m in Sources */,
			);
			runOnlyForDeploymentPostprocessing = 0;
		};
		F39E66FF20EFE12900381BE7 /* Sources */ = {
			isa = PBXSourcesBuildPhase;
			buildActionMask = 2147483647;
			files = (
				F39E670820EFE12900381BE7 /* CampusJobsTests.m in Sources */,
			);
			runOnlyForDeploymentPostprocessing = 0;
		};
		F39E670A20EFE12900381BE7 /* Sources */ = {
			isa = PBXSourcesBuildPhase;
			buildActionMask = 2147483647;
			files = (
				F39E671320EFE12900381BE7 /* CampusJobsUITests.m in Sources */,
			);
			runOnlyForDeploymentPostprocessing = 0;
		};
/* End PBXSourcesBuildPhase section */

/* Begin PBXTargetDependency section */
		F39E670520EFE12900381BE7 /* PBXTargetDependency */ = {
			isa = PBXTargetDependency;
			target = F39E66EA20EFE12800381BE7 /* CampusJobs */;
			targetProxy = F39E670420EFE12900381BE7 /* PBXContainerItemProxy */;
		};
		F39E671020EFE12900381BE7 /* PBXTargetDependency */ = {
			isa = PBXTargetDependency;
			target = F39E66EA20EFE12800381BE7 /* CampusJobs */;
			targetProxy = F39E670F20EFE12900381BE7 /* PBXContainerItemProxy */;
		};
/* End PBXTargetDependency section */

/* Begin PBXVariantGroup section */
		F32251F320FEA772003E4C08 /* Chat.storyboard */ = {
			isa = PBXVariantGroup;
			children = (
				F32251F420FEA772003E4C08 /* Base */,
			);
			name = Chat.storyboard;
			sourceTree = "<group>";
		};
		F37ADB8320FE8ABA004C593C /* LoginSignUp.storyboard */ = {
			isa = PBXVariantGroup;
			children = (
				F37ADB8420FE8ABA004C593C /* Base */,
			);
			name = LoginSignUp.storyboard;
			sourceTree = "<group>";
		};
		F39E66F420EFE12900381BE7 /* Main.storyboard */ = {
			isa = PBXVariantGroup;
			children = (
				F39E66F520EFE12900381BE7 /* Base */,
			);
			name = Main.storyboard;
			sourceTree = "<group>";
		};
		F39E66F920EFE12900381BE7 /* LaunchScreen.storyboard */ = {
			isa = PBXVariantGroup;
			children = (
				F39E66FA20EFE12900381BE7 /* Base */,
			);
			name = LaunchScreen.storyboard;
			sourceTree = "<group>";
		};
/* End PBXVariantGroup section */

/* Begin XCBuildConfiguration section */
		F39E671520EFE12900381BE7 /* Debug */ = {
			isa = XCBuildConfiguration;
			buildSettings = {
				ALWAYS_SEARCH_USER_PATHS = NO;
				CLANG_ANALYZER_NONNULL = YES;
				CLANG_ANALYZER_NUMBER_OBJECT_CONVERSION = YES_AGGRESSIVE;
				CLANG_CXX_LANGUAGE_STANDARD = "gnu++14";
				CLANG_CXX_LIBRARY = "libc++";
				CLANG_ENABLE_MODULES = YES;
				CLANG_ENABLE_OBJC_ARC = YES;
				CLANG_ENABLE_OBJC_WEAK = YES;
				CLANG_WARN_BLOCK_CAPTURE_AUTORELEASING = YES;
				CLANG_WARN_BOOL_CONVERSION = YES;
				CLANG_WARN_COMMA = YES;
				CLANG_WARN_CONSTANT_CONVERSION = YES;
				CLANG_WARN_DEPRECATED_OBJC_IMPLEMENTATIONS = YES;
				CLANG_WARN_DIRECT_OBJC_ISA_USAGE = YES_ERROR;
				CLANG_WARN_DOCUMENTATION_COMMENTS = YES;
				CLANG_WARN_EMPTY_BODY = YES;
				CLANG_WARN_ENUM_CONVERSION = YES;
				CLANG_WARN_INFINITE_RECURSION = YES;
				CLANG_WARN_INT_CONVERSION = YES;
				CLANG_WARN_NON_LITERAL_NULL_CONVERSION = YES;
				CLANG_WARN_OBJC_IMPLICIT_RETAIN_SELF = YES;
				CLANG_WARN_OBJC_LITERAL_CONVERSION = YES;
				CLANG_WARN_OBJC_ROOT_CLASS = YES_ERROR;
				CLANG_WARN_RANGE_LOOP_ANALYSIS = YES;
				CLANG_WARN_STRICT_PROTOTYPES = YES;
				CLANG_WARN_SUSPICIOUS_MOVE = YES;
				CLANG_WARN_UNGUARDED_AVAILABILITY = YES_AGGRESSIVE;
				CLANG_WARN_UNREACHABLE_CODE = YES;
				CLANG_WARN__DUPLICATE_METHOD_MATCH = YES;
				CODE_SIGN_IDENTITY = "iPhone Developer";
				COPY_PHASE_STRIP = NO;
				DEBUG_INFORMATION_FORMAT = dwarf;
				ENABLE_STRICT_OBJC_MSGSEND = YES;
				ENABLE_TESTABILITY = YES;
				GCC_C_LANGUAGE_STANDARD = gnu11;
				GCC_DYNAMIC_NO_PIC = NO;
				GCC_NO_COMMON_BLOCKS = YES;
				GCC_OPTIMIZATION_LEVEL = 0;
				GCC_PREPROCESSOR_DEFINITIONS = (
					"DEBUG=1",
					"$(inherited)",
				);
				GCC_WARN_64_TO_32_BIT_CONVERSION = YES;
				GCC_WARN_ABOUT_RETURN_TYPE = YES_ERROR;
				GCC_WARN_UNDECLARED_SELECTOR = YES;
				GCC_WARN_UNINITIALIZED_AUTOS = YES_AGGRESSIVE;
				GCC_WARN_UNUSED_FUNCTION = YES;
				GCC_WARN_UNUSED_VARIABLE = YES;
				IPHONEOS_DEPLOYMENT_TARGET = 11.4;
				MTL_ENABLE_DEBUG_INFO = YES;
				ONLY_ACTIVE_ARCH = YES;
				SDKROOT = iphoneos;
			};
			name = Debug;
		};
		F39E671620EFE12900381BE7 /* Release */ = {
			isa = XCBuildConfiguration;
			buildSettings = {
				ALWAYS_SEARCH_USER_PATHS = NO;
				CLANG_ANALYZER_NONNULL = YES;
				CLANG_ANALYZER_NUMBER_OBJECT_CONVERSION = YES_AGGRESSIVE;
				CLANG_CXX_LANGUAGE_STANDARD = "gnu++14";
				CLANG_CXX_LIBRARY = "libc++";
				CLANG_ENABLE_MODULES = YES;
				CLANG_ENABLE_OBJC_ARC = YES;
				CLANG_ENABLE_OBJC_WEAK = YES;
				CLANG_WARN_BLOCK_CAPTURE_AUTORELEASING = YES;
				CLANG_WARN_BOOL_CONVERSION = YES;
				CLANG_WARN_COMMA = YES;
				CLANG_WARN_CONSTANT_CONVERSION = YES;
				CLANG_WARN_DEPRECATED_OBJC_IMPLEMENTATIONS = YES;
				CLANG_WARN_DIRECT_OBJC_ISA_USAGE = YES_ERROR;
				CLANG_WARN_DOCUMENTATION_COMMENTS = YES;
				CLANG_WARN_EMPTY_BODY = YES;
				CLANG_WARN_ENUM_CONVERSION = YES;
				CLANG_WARN_INFINITE_RECURSION = YES;
				CLANG_WARN_INT_CONVERSION = YES;
				CLANG_WARN_NON_LITERAL_NULL_CONVERSION = YES;
				CLANG_WARN_OBJC_IMPLICIT_RETAIN_SELF = YES;
				CLANG_WARN_OBJC_LITERAL_CONVERSION = YES;
				CLANG_WARN_OBJC_ROOT_CLASS = YES_ERROR;
				CLANG_WARN_RANGE_LOOP_ANALYSIS = YES;
				CLANG_WARN_STRICT_PROTOTYPES = YES;
				CLANG_WARN_SUSPICIOUS_MOVE = YES;
				CLANG_WARN_UNGUARDED_AVAILABILITY = YES_AGGRESSIVE;
				CLANG_WARN_UNREACHABLE_CODE = YES;
				CLANG_WARN__DUPLICATE_METHOD_MATCH = YES;
				CODE_SIGN_IDENTITY = "iPhone Developer";
				COPY_PHASE_STRIP = NO;
				DEBUG_INFORMATION_FORMAT = "dwarf-with-dsym";
				ENABLE_NS_ASSERTIONS = NO;
				ENABLE_STRICT_OBJC_MSGSEND = YES;
				GCC_C_LANGUAGE_STANDARD = gnu11;
				GCC_NO_COMMON_BLOCKS = YES;
				GCC_WARN_64_TO_32_BIT_CONVERSION = YES;
				GCC_WARN_ABOUT_RETURN_TYPE = YES_ERROR;
				GCC_WARN_UNDECLARED_SELECTOR = YES;
				GCC_WARN_UNINITIALIZED_AUTOS = YES_AGGRESSIVE;
				GCC_WARN_UNUSED_FUNCTION = YES;
				GCC_WARN_UNUSED_VARIABLE = YES;
				IPHONEOS_DEPLOYMENT_TARGET = 11.4;
				MTL_ENABLE_DEBUG_INFO = NO;
				SDKROOT = iphoneos;
				VALIDATE_PRODUCT = YES;
			};
			name = Release;
		};
		F39E671820EFE12900381BE7 /* Debug */ = {
			isa = XCBuildConfiguration;
			baseConfigurationReference = 1ADAE6FC0657CE3ECDAF80A7 /* Pods-CampusJobs.debug.xcconfig */;
			buildSettings = {
				ASSETCATALOG_COMPILER_APPICON_NAME = AppIcon;
				CODE_SIGN_STYLE = Automatic;
				DEVELOPMENT_TEAM = T66NN72CYU;
				INFOPLIST_FILE = CampusJobs/Info.plist;
				LD_RUNPATH_SEARCH_PATHS = (
					"$(inherited)",
					"@executable_path/Frameworks",
				);
				PRODUCT_BUNDLE_IDENTIFIER = com.szheng1.CampusJobs;
				PRODUCT_NAME = "$(TARGET_NAME)";
				TARGETED_DEVICE_FAMILY = "1,2";
			};
			name = Debug;
		};
		F39E671920EFE12900381BE7 /* Release */ = {
			isa = XCBuildConfiguration;
			baseConfigurationReference = BD498F905C1ED7EC86FBB555 /* Pods-CampusJobs.release.xcconfig */;
			buildSettings = {
				ASSETCATALOG_COMPILER_APPICON_NAME = AppIcon;
				CODE_SIGN_STYLE = Automatic;
				DEVELOPMENT_TEAM = T66NN72CYU;
				INFOPLIST_FILE = CampusJobs/Info.plist;
				LD_RUNPATH_SEARCH_PATHS = (
					"$(inherited)",
					"@executable_path/Frameworks",
				);
				PRODUCT_BUNDLE_IDENTIFIER = com.szheng1.CampusJobs;
				PRODUCT_NAME = "$(TARGET_NAME)";
				TARGETED_DEVICE_FAMILY = "1,2";
			};
			name = Release;
		};
		F39E671B20EFE12900381BE7 /* Debug */ = {
			isa = XCBuildConfiguration;
			baseConfigurationReference = 686D45B7A17687051617033E /* Pods-CampusJobsTests.debug.xcconfig */;
			buildSettings = {
				BUNDLE_LOADER = "$(TEST_HOST)";
				CODE_SIGN_STYLE = Automatic;
				DEVELOPMENT_TEAM = T66NN72CYU;
				INFOPLIST_FILE = CampusJobsTests/Info.plist;
				LD_RUNPATH_SEARCH_PATHS = (
					"$(inherited)",
					"@executable_path/Frameworks",
					"@loader_path/Frameworks",
				);
				PRODUCT_BUNDLE_IDENTIFIER = com.szheng.CampusJobsTests;
				PRODUCT_NAME = "$(TARGET_NAME)";
				TARGETED_DEVICE_FAMILY = "1,2";
				TEST_HOST = "$(BUILT_PRODUCTS_DIR)/CampusJobs.app/CampusJobs";
			};
			name = Debug;
		};
		F39E671C20EFE12900381BE7 /* Release */ = {
			isa = XCBuildConfiguration;
			baseConfigurationReference = 0DE65D414E7AC633E6910BA3 /* Pods-CampusJobsTests.release.xcconfig */;
			buildSettings = {
				BUNDLE_LOADER = "$(TEST_HOST)";
				CODE_SIGN_STYLE = Automatic;
				DEVELOPMENT_TEAM = T66NN72CYU;
				INFOPLIST_FILE = CampusJobsTests/Info.plist;
				LD_RUNPATH_SEARCH_PATHS = (
					"$(inherited)",
					"@executable_path/Frameworks",
					"@loader_path/Frameworks",
				);
				PRODUCT_BUNDLE_IDENTIFIER = com.szheng.CampusJobsTests;
				PRODUCT_NAME = "$(TARGET_NAME)";
				TARGETED_DEVICE_FAMILY = "1,2";
				TEST_HOST = "$(BUILT_PRODUCTS_DIR)/CampusJobs.app/CampusJobs";
			};
			name = Release;
		};
		F39E671E20EFE12900381BE7 /* Debug */ = {
			isa = XCBuildConfiguration;
			baseConfigurationReference = E2EF0A3DE1BD1C22A5290BBB /* Pods-CampusJobsUITests.debug.xcconfig */;
			buildSettings = {
				CODE_SIGN_STYLE = Automatic;
				DEVELOPMENT_TEAM = T66NN72CYU;
				INFOPLIST_FILE = CampusJobsUITests/Info.plist;
				LD_RUNPATH_SEARCH_PATHS = (
					"$(inherited)",
					"@executable_path/Frameworks",
					"@loader_path/Frameworks",
				);
				PRODUCT_BUNDLE_IDENTIFIER = com.szheng.CampusJobsUITests;
				PRODUCT_NAME = "$(TARGET_NAME)";
				TARGETED_DEVICE_FAMILY = "1,2";
				TEST_TARGET_NAME = CampusJobs;
			};
			name = Debug;
		};
		F39E671F20EFE12900381BE7 /* Release */ = {
			isa = XCBuildConfiguration;
			baseConfigurationReference = 85FB2DA46A125E1C89B8188E /* Pods-CampusJobsUITests.release.xcconfig */;
			buildSettings = {
				CODE_SIGN_STYLE = Automatic;
				DEVELOPMENT_TEAM = T66NN72CYU;
				INFOPLIST_FILE = CampusJobsUITests/Info.plist;
				LD_RUNPATH_SEARCH_PATHS = (
					"$(inherited)",
					"@executable_path/Frameworks",
					"@loader_path/Frameworks",
				);
				PRODUCT_BUNDLE_IDENTIFIER = com.szheng.CampusJobsUITests;
				PRODUCT_NAME = "$(TARGET_NAME)";
				TARGETED_DEVICE_FAMILY = "1,2";
				TEST_TARGET_NAME = CampusJobs;
			};
			name = Release;
		};
/* End XCBuildConfiguration section */

/* Begin XCConfigurationList section */
		F39E66E620EFE12800381BE7 /* Build configuration list for PBXProject "CampusJobs" */ = {
			isa = XCConfigurationList;
			buildConfigurations = (
				F39E671520EFE12900381BE7 /* Debug */,
				F39E671620EFE12900381BE7 /* Release */,
			);
			defaultConfigurationIsVisible = 0;
			defaultConfigurationName = Release;
		};
		F39E671720EFE12900381BE7 /* Build configuration list for PBXNativeTarget "CampusJobs" */ = {
			isa = XCConfigurationList;
			buildConfigurations = (
				F39E671820EFE12900381BE7 /* Debug */,
				F39E671920EFE12900381BE7 /* Release */,
			);
			defaultConfigurationIsVisible = 0;
			defaultConfigurationName = Release;
		};
		F39E671A20EFE12900381BE7 /* Build configuration list for PBXNativeTarget "CampusJobsTests" */ = {
			isa = XCConfigurationList;
			buildConfigurations = (
				F39E671B20EFE12900381BE7 /* Debug */,
				F39E671C20EFE12900381BE7 /* Release */,
			);
			defaultConfigurationIsVisible = 0;
			defaultConfigurationName = Release;
		};
		F39E671D20EFE12900381BE7 /* Build configuration list for PBXNativeTarget "CampusJobsUITests" */ = {
			isa = XCConfigurationList;
			buildConfigurations = (
				F39E671E20EFE12900381BE7 /* Debug */,
				F39E671F20EFE12900381BE7 /* Release */,
			);
			defaultConfigurationIsVisible = 0;
			defaultConfigurationName = Release;
		};
/* End XCConfigurationList section */
	};
	rootObject = F39E66E320EFE12800381BE7 /* Project object */;
}
