// !$*UTF8*$!
{
	archiveVersion = 1;
	classes = {
	};
	objectVersion = 50;
	objects = {

/* Begin PBXBuildFile section */
		0B5AB4027DA2B42F5338E581 /* libPods-CampusJobs.a in Frameworks */ = {isa = PBXBuildFile; fileRef = 46E1136D26BA5B29970F9C4C /* libPods-CampusJobs.a */; };
		68FD9CB9109C988E9924ABF5 /* libPods-CampusJobs.a in Frameworks */ = {isa = PBXBuildFile; fileRef = 0C806C0CDA283EAB83BDC05C /* libPods-CampusJobs.a */; };
		95B6920A3CEF6FA0A0C1AD56 /* libPods-CampusJobsUITests.a in Frameworks */ = {isa = PBXBuildFile; fileRef = 59C5EBBD5DE4F8C6302B1D04 /* libPods-CampusJobsUITests.a */; };
		B0FCB683D11A5C99E545A4DC /* libPods-CampusJobsTests.a in Frameworks */ = {isa = PBXBuildFile; fileRef = ED565AC89183BED45B9DBD13 /* libPods-CampusJobsTests.a */; };
		B553F683BFB2BEDA5B356AED /* libPods-CampusJobsTests.a in Frameworks */ = {isa = PBXBuildFile; fileRef = E9DA355DF18C3F3E4D625A03 /* libPods-CampusJobsTests.a */; };
		BA32DA9EC0097B34CB2DBCDB /* libPods-CampusJobsUITests.a in Frameworks */ = {isa = PBXBuildFile; fileRef = 3B02012261CABA5CA00A5B6B /* libPods-CampusJobsUITests.a */; };
		D306831B210FBF79003C2CB1 /* PaymentInfo.storyboard in Resources */ = {isa = PBXBuildFile; fileRef = D3068315210FBF49003C2CB1 /* PaymentInfo.storyboard */; };
		D306831C210FBF79003C2CB1 /* Storyboard.storyboard in Resources */ = {isa = PBXBuildFile; fileRef = D3068318210FBF57003C2CB1 /* Storyboard.storyboard */; };
		D38B18DE210F80CB005E607F /* MainProfileViewController.m in Sources */ = {isa = PBXBuildFile; fileRef = FC29BF48210A913B00CB81DC /* MainProfileViewController.m */; };
		D38B18DF210F80CB005E607F /* SegueConstants.m in Sources */ = {isa = PBXBuildFile; fileRef = F31226A4210A8927004F4677 /* SegueConstants.m */; };
		D38B18E2210FB1CF005E607F /* NameViewController.m in Sources */ = {isa = PBXBuildFile; fileRef = D38B18E1210FB1CF005E607F /* NameViewController.m */; };
		D38B18E6210FBE43005E607F /* ProfileViewController.m in Sources */ = {isa = PBXBuildFile; fileRef = D3B67A8921067F5E0042BD49 /* ProfileViewController.m */; };
		D3B67A8D21079C2C0042BD49 /* PhotoViewController.m in Sources */ = {isa = PBXBuildFile; fileRef = D3B67A8C21079C2C0042BD49 /* PhotoViewController.m */; };
		D3B67A8F2107BF920042BD49 /* Accounts.framework in Frameworks */ = {isa = PBXBuildFile; fileRef = D3B67A8E2107BF800042BD49 /* Accounts.framework */; };
		D3B67A912107BFC50042BD49 /* Social.framework in Frameworks */ = {isa = PBXBuildFile; fileRef = D3B67A902107BFC50042BD49 /* Social.framework */; };
		D3B67A992107E6D30042BD49 /* CoreData.framework in Frameworks */ = {isa = PBXBuildFile; fileRef = D3B67A982107E6D30042BD49 /* CoreData.framework */; };
		D3E5A15920FD545800891964 /* LoginViewController.m in Sources */ = {isa = PBXBuildFile; fileRef = D3E5A15520FD545700891964 /* LoginViewController.m */; };
		D3E5A15A20FD545800891964 /* SignUpViewController.m in Sources */ = {isa = PBXBuildFile; fileRef = D3E5A15720FD545800891964 /* SignUpViewController.m */; };
		F312269B210A4E18004F4677 /* EditPaymentInfoViewController.m in Sources */ = {isa = PBXBuildFile; fileRef = F312269A210A4E18004F4677 /* EditPaymentInfoViewController.m */; };
		F312269E210A535C004F4677 /* Card.m in Sources */ = {isa = PBXBuildFile; fileRef = F312269D210A535C004F4677 /* Card.m */; };
		F31226A1210A8582004F4677 /* Utils.m in Sources */ = {isa = PBXBuildFile; fileRef = F31226A0210A8582004F4677 /* Utils.m */; };
		F32251F520FEA772003E4C08 /* Chat.storyboard in Resources */ = {isa = PBXBuildFile; fileRef = F32251F320FEA772003E4C08 /* Chat.storyboard */; };
		F338397F20FE9AA000364F86 /* ConversationsViewController.m in Sources */ = {isa = PBXBuildFile; fileRef = F338397E20FE9AA000364F86 /* ConversationsViewController.m */; };
		F338398620FE9B2300364F86 /* ConversationTableViewCell.m in Sources */ = {isa = PBXBuildFile; fileRef = F338398520FE9B2300364F86 /* ConversationTableViewCell.m */; };
		F359240620FFA8C20013FD61 /* ConversationDetailViewController.m in Sources */ = {isa = PBXBuildFile; fileRef = F359240520FFA8C20013FD61 /* ConversationDetailViewController.m */; };
		F35E0B27211563F200FAC63C /* EditProfileViewController.m in Sources */ = {isa = PBXBuildFile; fileRef = F35E0B26211563F200FAC63C /* EditProfileViewController.m */; };
		F35E0B3F2118C15A00FAC63C /* RobotoCondensed-Bold.ttf in Resources */ = {isa = PBXBuildFile; fileRef = F35E0B392118C15800FAC63C /* RobotoCondensed-Bold.ttf */; };
		F35E0B402118C15A00FAC63C /* RobotoCondensed-Light.ttf in Resources */ = {isa = PBXBuildFile; fileRef = F35E0B3A2118C15900FAC63C /* RobotoCondensed-Light.ttf */; };
		F35E0B412118C15A00FAC63C /* RobotoCondensed-LightItalic.ttf in Resources */ = {isa = PBXBuildFile; fileRef = F35E0B3B2118C15900FAC63C /* RobotoCondensed-LightItalic.ttf */; };
		F35E0B422118C15A00FAC63C /* RobotoCondensed-Regular.ttf in Resources */ = {isa = PBXBuildFile; fileRef = F35E0B3C2118C15900FAC63C /* RobotoCondensed-Regular.ttf */; };
		F35E0B432118C15A00FAC63C /* RobotoCondensed-BoldItalic.ttf in Resources */ = {isa = PBXBuildFile; fileRef = F35E0B3D2118C15900FAC63C /* RobotoCondensed-BoldItalic.ttf */; };
		F35E0B442118C15A00FAC63C /* RobotoCondensed-Italic.ttf in Resources */ = {isa = PBXBuildFile; fileRef = F35E0B3E2118C15A00FAC63C /* RobotoCondensed-Italic.ttf */; };
		F37ADB8520FE8ABA004C593C /* LoginSignUp.storyboard in Resources */ = {isa = PBXBuildFile; fileRef = F37ADB8320FE8ABA004C593C /* LoginSignUp.storyboard */; };
		F3837B6C20FD5E37007CA1E3 /* Assets.xcassets in Resources */ = {isa = PBXBuildFile; fileRef = F3837B6B20FD5E37007CA1E3 /* Assets.xcassets */; };
		F3941AC02121FFBB00F6BD21 /* SearchPostingsViewController.m in Sources */ = {isa = PBXBuildFile; fileRef = F3941ABF2121FFBB00F6BD21 /* SearchPostingsViewController.m */; };
		F396B1FB2113B2260099E623 /* AppScheme.m in Sources */ = {isa = PBXBuildFile; fileRef = F396B1FA2113B2260099E623 /* AppScheme.m */; };
		F39E66F020EFE12800381BE7 /* AppDelegate.m in Sources */ = {isa = PBXBuildFile; fileRef = F39E66EF20EFE12800381BE7 /* AppDelegate.m */; };
		F39E66FE20EFE12900381BE7 /* main.m in Sources */ = {isa = PBXBuildFile; fileRef = F39E66FD20EFE12900381BE7 /* main.m */; };
		F39E670820EFE12900381BE7 /* CampusJobsTests.m in Sources */ = {isa = PBXBuildFile; fileRef = F39E670720EFE12900381BE7 /* CampusJobsTests.m */; };
		F39E671320EFE12900381BE7 /* CampusJobsUITests.m in Sources */ = {isa = PBXBuildFile; fileRef = F39E671220EFE12900381BE7 /* CampusJobsUITests.m */; };
		F39F4BEB20FD147200C11CD0 /* Post.m in Sources */ = {isa = PBXBuildFile; fileRef = F39F4BEA20FD147200C11CD0 /* Post.m */; };
		F39F4BEE20FD14A300C11CD0 /* Message.m in Sources */ = {isa = PBXBuildFile; fileRef = F39F4BED20FD14A300C11CD0 /* Message.m */; };
		F39F4BF120FD14C000C11CD0 /* Conversation.m in Sources */ = {isa = PBXBuildFile; fileRef = F39F4BF020FD14C000C11CD0 /* Conversation.m */; };
		F3AE9F752102A1CF007BB53A /* SuggestPriceViewController.m in Sources */ = {isa = PBXBuildFile; fileRef = F3AE9F742102A1CF007BB53A /* SuggestPriceViewController.m */; };
		F3C1F277211B6D4F00B4D588 /* Alert.m in Sources */ = {isa = PBXBuildFile; fileRef = F31CC593211264F500C899B7 /* Alert.m */; };
		F3C1F278211B6D4F00B4D588 /* Colors.m in Sources */ = {isa = PBXBuildFile; fileRef = FC5E1DC3211223D10088DDBE /* Colors.m */; };
		F3C1F27B211B80DD00B4D588 /* StringConstants.m in Sources */ = {isa = PBXBuildFile; fileRef = F3C1F27A211B80DD00B4D588 /* StringConstants.m */; };
		F3C1F27E211CC31300B4D588 /* BottomNavigationBarViewController.m in Sources */ = {isa = PBXBuildFile; fileRef = F3C1F27D211CC31300B4D588 /* BottomNavigationBarViewController.m */; };
		F3C1F28A211D0E3500B4D588 /* JobCompletedViewController.m in Sources */ = {isa = PBXBuildFile; fileRef = F3C1F289211D0E3500B4D588 /* JobCompletedViewController.m */; };
		F3DE3CF521064BCD008A536E /* MessageCollectionViewCell.m in Sources */ = {isa = PBXBuildFile; fileRef = F3DE3CF421064BCD008A536E /* MessageCollectionViewCell.m */; };
		F3E55E5D2118CFB1001E03EF /* Format.m in Sources */ = {isa = PBXBuildFile; fileRef = F3E55E5C2118CFB1001E03EF /* Format.m */; };
		F3FD51AB211E4FE600051E05 /* Main.storyboard in Resources */ = {isa = PBXBuildFile; fileRef = F39E66F420EFE12900381BE7 /* Main.storyboard */; };
		F3FD51AC211E4FE600051E05 /* LaunchScreen.storyboard in Resources */ = {isa = PBXBuildFile; fileRef = F39E66F920EFE12900381BE7 /* LaunchScreen.storyboard */; };
		F3FD740421153589004BF81B /* Feed.storyboard in Resources */ = {isa = PBXBuildFile; fileRef = F396B1F72113ADFE0099E623 /* Feed.storyboard */; };
		FC5B61FE20FE9A8B00050EA7 /* NearbyPostCell.m in Sources */ = {isa = PBXBuildFile; fileRef = FC5B61FD20FE9A8B00050EA7 /* NearbyPostCell.m */; };
		FC6C7E2B20FD26FB00034CC4 /* FeedViewController.m in Sources */ = {isa = PBXBuildFile; fileRef = FC6C7E2A20FD26FB00034CC4 /* FeedViewController.m */; };
		FC6C7E2F20FD47D500034CC4 /* NearbyPostingsViewController.m in Sources */ = {isa = PBXBuildFile; fileRef = FC6C7E2E20FD47D500034CC4 /* NearbyPostingsViewController.m */; };
		FC6C7E3220FD47DF00034CC4 /* YourPostingsViewController.m in Sources */ = {isa = PBXBuildFile; fileRef = FC6C7E3120FD47DF00034CC4 /* YourPostingsViewController.m */; };
		FC6C7E3520FD4D5600034CC4 /* ComposeNewPostViewController.m in Sources */ = {isa = PBXBuildFile; fileRef = FC6C7E3420FD4D5600034CC4 /* ComposeNewPostViewController.m */; };
		FC6C7E3820FD51B600034CC4 /* PostDetailsViewController.m in Sources */ = {isa = PBXBuildFile; fileRef = FC6C7E3720FD51B600034CC4 /* PostDetailsViewController.m */; };
		FC8EA1A5210151890054C43D /* MapViewController.m in Sources */ = {isa = PBXBuildFile; fileRef = FC8EA1A4210151890054C43D /* MapViewController.m */; };
		FC8EA1AA21024AE60054C43D /* MapKit.framework in Frameworks */ = {isa = PBXBuildFile; fileRef = FC8EA1A921024AE60054C43D /* MapKit.framework */; };
		FCD51ACE21092BCD002A5B2C /* JobLocationMapViewController.m in Sources */ = {isa = PBXBuildFile; fileRef = FCD51ACC21092BCC002A5B2C /* JobLocationMapViewController.m */; };
		FCF9B1FB20FEAF340035051E /* PreviousUserPostCell.m in Sources */ = {isa = PBXBuildFile; fileRef = FCF9B1FA20FEAF340035051E /* PreviousUserPostCell.m */; };
/* End PBXBuildFile section */

/* Begin PBXContainerItemProxy section */
		F39E670420EFE12900381BE7 /* PBXContainerItemProxy */ = {
			isa = PBXContainerItemProxy;
			containerPortal = F39E66E320EFE12800381BE7 /* Project object */;
			proxyType = 1;
			remoteGlobalIDString = F39E66EA20EFE12800381BE7;
			remoteInfo = CampusJobs;
		};
		F39E670F20EFE12900381BE7 /* PBXContainerItemProxy */ = {
			isa = PBXContainerItemProxy;
			containerPortal = F39E66E320EFE12800381BE7 /* Project object */;
			proxyType = 1;
			remoteGlobalIDString = F39E66EA20EFE12800381BE7;
			remoteInfo = CampusJobs;
		};
/* End PBXContainerItemProxy section */

/* Begin PBXFileReference section */
		0C806C0CDA283EAB83BDC05C /* libPods-CampusJobs.a */ = {isa = PBXFileReference; explicitFileType = archive.ar; includeInIndex = 0; path = "libPods-CampusJobs.a"; sourceTree = BUILT_PRODUCTS_DIR; };
		0DE65D414E7AC633E6910BA3 /* Pods-CampusJobsTests.release.xcconfig */ = {isa = PBXFileReference; includeInIndex = 1; lastKnownFileType = text.xcconfig; name = "Pods-CampusJobsTests.release.xcconfig"; path = "Pods/Target Support Files/Pods-CampusJobsTests/Pods-CampusJobsTests.release.xcconfig"; sourceTree = "<group>"; };
		1ADAE6FC0657CE3ECDAF80A7 /* Pods-CampusJobs.debug.xcconfig */ = {isa = PBXFileReference; includeInIndex = 1; lastKnownFileType = text.xcconfig; name = "Pods-CampusJobs.debug.xcconfig"; path = "Pods/Target Support Files/Pods-CampusJobs/Pods-CampusJobs.debug.xcconfig"; sourceTree = "<group>"; };
		3B02012261CABA5CA00A5B6B /* libPods-CampusJobsUITests.a */ = {isa = PBXFileReference; explicitFileType = archive.ar; includeInIndex = 0; path = "libPods-CampusJobsUITests.a"; sourceTree = BUILT_PRODUCTS_DIR; };
		46E1136D26BA5B29970F9C4C /* libPods-CampusJobs.a */ = {isa = PBXFileReference; explicitFileType = archive.ar; includeInIndex = 0; path = "libPods-CampusJobs.a"; sourceTree = BUILT_PRODUCTS_DIR; };
		59C5EBBD5DE4F8C6302B1D04 /* libPods-CampusJobsUITests.a */ = {isa = PBXFileReference; explicitFileType = archive.ar; includeInIndex = 0; path = "libPods-CampusJobsUITests.a"; sourceTree = BUILT_PRODUCTS_DIR; };
		686D45B7A17687051617033E /* Pods-CampusJobsTests.debug.xcconfig */ = {isa = PBXFileReference; includeInIndex = 1; lastKnownFileType = text.xcconfig; name = "Pods-CampusJobsTests.debug.xcconfig"; path = "Pods/Target Support Files/Pods-CampusJobsTests/Pods-CampusJobsTests.debug.xcconfig"; sourceTree = "<group>"; };
		85FB2DA46A125E1C89B8188E /* Pods-CampusJobsUITests.release.xcconfig */ = {isa = PBXFileReference; includeInIndex = 1; lastKnownFileType = text.xcconfig; name = "Pods-CampusJobsUITests.release.xcconfig"; path = "Pods/Target Support Files/Pods-CampusJobsUITests/Pods-CampusJobsUITests.release.xcconfig"; sourceTree = "<group>"; };
		BD498F905C1ED7EC86FBB555 /* Pods-CampusJobs.release.xcconfig */ = {isa = PBXFileReference; includeInIndex = 1; lastKnownFileType = text.xcconfig; name = "Pods-CampusJobs.release.xcconfig"; path = "Pods/Target Support Files/Pods-CampusJobs/Pods-CampusJobs.release.xcconfig"; sourceTree = "<group>"; };
		D3068316210FBF49003C2CB1 /* Base */ = {isa = PBXFileReference; lastKnownFileType = file.storyboard; name = Base; path = Base.lproj/PaymentInfo.storyboard; sourceTree = "<group>"; };
		D3068319210FBF57003C2CB1 /* Base */ = {isa = PBXFileReference; lastKnownFileType = file.storyboard; name = Base; path = Base.lproj/Storyboard.storyboard; sourceTree = "<group>"; };
		D31566C4210A86C900E5C414 /* HomeViewController.h */ = {isa = PBXFileReference; lastKnownFileType = sourcecode.c.h; path = HomeViewController.h; sourceTree = "<group>"; };
		D31566C5210A86C900E5C414 /* HomeViewController.m */ = {isa = PBXFileReference; lastKnownFileType = sourcecode.c.objc; path = HomeViewController.m; sourceTree = "<group>"; };
		D3811B2C20FD3EA800EEA6FC /* Assets.xcassets */ = {isa = PBXFileReference; lastKnownFileType = folder.assetcatalog; name = Assets.xcassets; path = ../../.Trash/Assets.xcassets; sourceTree = "<group>"; };
		D38B18AC210EB8F6005E607F /* ViewController.h */ = {isa = PBXFileReference; lastKnownFileType = sourcecode.c.h; path = ViewController.h; sourceTree = "<group>"; };
		D38B18AD210EB8F6005E607F /* ViewController.m */ = {isa = PBXFileReference; lastKnownFileType = sourcecode.c.objc; path = ViewController.m; sourceTree = "<group>"; };
		D38B18C2210EC850005E607F /* ServicesTableViewController.h */ = {isa = PBXFileReference; lastKnownFileType = sourcecode.c.h; path = ServicesTableViewController.h; sourceTree = "<group>"; };
		D38B18C3210EC850005E607F /* ServicesTableViewController.m */ = {isa = PBXFileReference; lastKnownFileType = sourcecode.c.objc; path = ServicesTableViewController.m; sourceTree = "<group>"; };
		D38B18C5210EC86D005E607F /* ServicesTableViewCell.h */ = {isa = PBXFileReference; lastKnownFileType = sourcecode.c.h; path = ServicesTableViewCell.h; sourceTree = "<group>"; };
		D38B18C6210EC86D005E607F /* ServicesTableViewCell.m */ = {isa = PBXFileReference; lastKnownFileType = sourcecode.c.objc; path = ServicesTableViewCell.m; sourceTree = "<group>"; };
		D38B18C8210EC891005E607F /* ServicesViewController.h */ = {isa = PBXFileReference; lastKnownFileType = sourcecode.c.h; path = ServicesViewController.h; sourceTree = "<group>"; };
		D38B18C9210EC891005E607F /* ServicesViewController.m */ = {isa = PBXFileReference; lastKnownFileType = sourcecode.c.objc; path = ServicesViewController.m; sourceTree = "<group>"; };
		D38B18CB210EC8AE005E607F /* PortfolioViewController.h */ = {isa = PBXFileReference; lastKnownFileType = sourcecode.c.h; path = PortfolioViewController.h; sourceTree = "<group>"; };
		D38B18CC210EC8AE005E607F /* PortfolioViewController.m */ = {isa = PBXFileReference; lastKnownFileType = sourcecode.c.objc; path = PortfolioViewController.m; sourceTree = "<group>"; };
		D38B18CF210EC921005E607F /* ContactViewController.h */ = {isa = PBXFileReference; lastKnownFileType = sourcecode.c.h; path = ContactViewController.h; sourceTree = "<group>"; };
		D38B18D0210EC921005E607F /* ContactViewController.m */ = {isa = PBXFileReference; lastKnownFileType = sourcecode.c.objc; path = ContactViewController.m; sourceTree = "<group>"; };
		D38B18D2210EC940005E607F /* EmailViewController.h */ = {isa = PBXFileReference; lastKnownFileType = sourcecode.c.h; path = EmailViewController.h; sourceTree = "<group>"; };
		D38B18D5210EC968005E607F /* SocialTableViewController.h */ = {isa = PBXFileReference; lastKnownFileType = sourcecode.c.h; path = SocialTableViewController.h; sourceTree = "<group>"; };
		D38B18D6210EC968005E607F /* SocialTableViewController.m */ = {isa = PBXFileReference; lastKnownFileType = sourcecode.c.objc; path = SocialTableViewController.m; sourceTree = "<group>"; };
		D38B18D8210EC993005E607F /* SocialTableViewCell.h */ = {isa = PBXFileReference; lastKnownFileType = sourcecode.c.h; path = SocialTableViewCell.h; sourceTree = "<group>"; };
		D38B18D9210EC993005E607F /* SocialTableViewCell.m */ = {isa = PBXFileReference; lastKnownFileType = sourcecode.c.objc; path = SocialTableViewCell.m; sourceTree = "<group>"; };
		D38B18DB210EC9AF005E607F /* SocialViewController.h */ = {isa = PBXFileReference; lastKnownFileType = sourcecode.c.h; path = SocialViewController.h; sourceTree = "<group>"; };
		D38B18DC210EC9AF005E607F /* SocialViewController.m */ = {isa = PBXFileReference; lastKnownFileType = sourcecode.c.objc; path = SocialViewController.m; sourceTree = "<group>"; };
		D38B18E0210FB1CF005E607F /* NameViewController.h */ = {isa = PBXFileReference; lastKnownFileType = sourcecode.c.h; path = NameViewController.h; sourceTree = "<group>"; };
		D38B18E1210FB1CF005E607F /* NameViewController.m */ = {isa = PBXFileReference; lastKnownFileType = sourcecode.c.objc; path = NameViewController.m; sourceTree = "<group>"; };
		D3B67A8821067F5E0042BD49 /* ProfileViewController.h */ = {isa = PBXFileReference; lastKnownFileType = sourcecode.c.h; path = ProfileViewController.h; sourceTree = "<group>"; };
		D3B67A8921067F5E0042BD49 /* ProfileViewController.m */ = {isa = PBXFileReference; lastKnownFileType = sourcecode.c.objc; path = ProfileViewController.m; sourceTree = "<group>"; };
		D3B67A8B21079C2C0042BD49 /* PhotoViewController.h */ = {isa = PBXFileReference; lastKnownFileType = sourcecode.c.h; path = PhotoViewController.h; sourceTree = "<group>"; };
		D3B67A8C21079C2C0042BD49 /* PhotoViewController.m */ = {isa = PBXFileReference; lastKnownFileType = sourcecode.c.objc; path = PhotoViewController.m; sourceTree = "<group>"; };
		D3B67A8E2107BF800042BD49 /* Accounts.framework */ = {isa = PBXFileReference; lastKnownFileType = wrapper.framework; name = Accounts.framework; path = System/Library/Frameworks/Accounts.framework; sourceTree = SDKROOT; };
		D3B67A902107BFC50042BD49 /* Social.framework */ = {isa = PBXFileReference; lastKnownFileType = wrapper.framework; name = Social.framework; path = System/Library/Frameworks/Social.framework; sourceTree = SDKROOT; };
		D3B67A922107C3D20042BD49 /* SearchViewController.h */ = {isa = PBXFileReference; lastKnownFileType = sourcecode.c.h; path = SearchViewController.h; sourceTree = "<group>"; };
		D3B67A932107C3D20042BD49 /* SearchViewController.m */ = {isa = PBXFileReference; lastKnownFileType = sourcecode.c.objc; path = SearchViewController.m; sourceTree = "<group>"; };
		D3B67A982107E6D30042BD49 /* CoreData.framework */ = {isa = PBXFileReference; lastKnownFileType = wrapper.framework; name = CoreData.framework; path = System/Library/Frameworks/CoreData.framework; sourceTree = SDKROOT; };
		D3D64E2C211B68BF00F48F1A /* en */ = {isa = PBXFileReference; lastKnownFileType = text.plist.strings; name = en; path = en.lproj/InfoPlist.strings; sourceTree = "<group>"; };
		D3D64E2D211B68BF00F48F1A /* AppDelegate.h */ = {isa = PBXFileReference; fileEncoding = 4; lastKnownFileType = sourcecode.c.h; path = AppDelegate.h; sourceTree = "<group>"; };
		D3D64E2E211B68BF00F48F1A /* SimpleMessage.m */ = {isa = PBXFileReference; fileEncoding = 4; lastKnownFileType = sourcecode.c.objc; path = SimpleMessage.m; sourceTree = "<group>"; };
		D3D64E2F211B68BF00F48F1A /* BackgroundFetchDemo-Prefix.pch */ = {isa = PBXFileReference; fileEncoding = 4; lastKnownFileType = sourcecode.c.h; path = "BackgroundFetchDemo-Prefix.pch"; sourceTree = "<group>"; };
		D3D64E30211B68BF00F48F1A /* DetailViewController.m */ = {isa = PBXFileReference; fileEncoding = 4; lastKnownFileType = sourcecode.c.objc; path = DetailViewController.m; sourceTree = "<group>"; };
		D3D64E31211B68BF00F48F1A /* MasterViewController.h */ = {isa = PBXFileReference; fileEncoding = 4; lastKnownFileType = sourcecode.c.h; path = MasterViewController.h; sourceTree = "<group>"; };
		D3D64E33211B68BF00F48F1A /* Base */ = {isa = PBXFileReference; lastKnownFileType = file.storyboard; name = Base; path = Base.lproj/Main.storyboard; sourceTree = "<group>"; };
		D3D64E34211B68BF00F48F1A /* main.m */ = {isa = PBXFileReference; fileEncoding = 4; lastKnownFileType = sourcecode.c.objc; path = main.m; sourceTree = "<group>"; };
		D3D64E35211B68BF00F48F1A /* SimpleMessage.h */ = {isa = PBXFileReference; fileEncoding = 4; lastKnownFileType = sourcecode.c.h; path = SimpleMessage.h; sourceTree = "<group>"; };
		D3D64E36211B68BF00F48F1A /* Images.xcassets */ = {isa = PBXFileReference; lastKnownFileType = folder.assetcatalog; path = Images.xcassets; sourceTree = "<group>"; };
		D3D64E37211B68BF00F48F1A /* AppDelegate.m */ = {isa = PBXFileReference; fileEncoding = 4; lastKnownFileType = sourcecode.c.objc; path = AppDelegate.m; sourceTree = "<group>"; };
		D3D64E38211B68BF00F48F1A /* BackgroundFetchDemo-Info.plist */ = {isa = PBXFileReference; fileEncoding = 4; lastKnownFileType = text.plist.xml; path = "BackgroundFetchDemo-Info.plist"; sourceTree = "<group>"; };
		D3D64E39211B68BF00F48F1A /* MasterViewController.m */ = {isa = PBXFileReference; fileEncoding = 4; lastKnownFileType = sourcecode.c.objc; path = MasterViewController.m; sourceTree = "<group>"; };
		D3D64E3A211B68BF00F48F1A /* DetailViewController.h */ = {isa = PBXFileReference; fileEncoding = 4; lastKnownFileType = sourcecode.c.h; path = DetailViewController.h; sourceTree = "<group>"; };
		D3D64E3C211B68BF00F48F1A /* BackgroundFetchDemoTests-Info.plist */ = {isa = PBXFileReference; fileEncoding = 4; lastKnownFileType = text.plist.xml; path = "BackgroundFetchDemoTests-Info.plist"; sourceTree = "<group>"; };
		D3D64E3E211B68BF00F48F1A /* en */ = {isa = PBXFileReference; lastKnownFileType = text.plist.strings; name = en; path = en.lproj/InfoPlist.strings; sourceTree = "<group>"; };
		D3D64E3F211B68BF00F48F1A /* BackgroundFetchDemoTests.m */ = {isa = PBXFileReference; fileEncoding = 4; lastKnownFileType = sourcecode.c.objc; path = BackgroundFetchDemoTests.m; sourceTree = "<group>"; };
		D3D64E52211B921D00F48F1A /* Base */ = {isa = PBXFileReference; lastKnownFileType = file.storyboard; name = Base; path = Base.lproj/LaunchScreen.storyboard; sourceTree = "<group>"; };
		D3D64E54211B921D00F48F1A /* Base */ = {isa = PBXFileReference; lastKnownFileType = file.storyboard; name = Base; path = Base.lproj/Main.storyboard; sourceTree = "<group>"; };
		D3D64E55211B921D00F48F1A /* main.m */ = {isa = PBXFileReference; fileEncoding = 4; lastKnownFileType = sourcecode.c.objc; path = main.m; sourceTree = "<group>"; };
		D3D64E57211B921D00F48F1A /* Info.plist */ = {isa = PBXFileReference; fileEncoding = 4; lastKnownFileType = text.plist.xml; path = Info.plist; sourceTree = "<group>"; };
		D3D64E58211B921D00F48F1A /* PictureViewController.h */ = {isa = PBXFileReference; fileEncoding = 4; lastKnownFileType = sourcecode.c.h; path = PictureViewController.h; sourceTree = "<group>"; };
		D3D64E60211B9A1F00F48F1A /* PictureViewController.m */ = {isa = PBXFileReference; fileEncoding = 4; lastKnownFileType = sourcecode.c.objc; path = PictureViewController.m; sourceTree = "<group>"; };
		D3E5A15520FD545700891964 /* LoginViewController.m */ = {isa = PBXFileReference; fileEncoding = 4; lastKnownFileType = sourcecode.c.objc; path = LoginViewController.m; sourceTree = "<group>"; };
		D3E5A15620FD545700891964 /* SignUpViewController.h */ = {isa = PBXFileReference; fileEncoding = 4; lastKnownFileType = sourcecode.c.h; path = SignUpViewController.h; sourceTree = "<group>"; };
		D3E5A15720FD545800891964 /* SignUpViewController.m */ = {isa = PBXFileReference; fileEncoding = 4; lastKnownFileType = sourcecode.c.objc; path = SignUpViewController.m; sourceTree = "<group>"; };
		D3E5A15820FD545800891964 /* LoginViewController.h */ = {isa = PBXFileReference; fileEncoding = 4; lastKnownFileType = sourcecode.c.h; path = LoginViewController.h; sourceTree = "<group>"; };
		E2EF0A3DE1BD1C22A5290BBB /* Pods-CampusJobsUITests.debug.xcconfig */ = {isa = PBXFileReference; includeInIndex = 1; lastKnownFileType = text.xcconfig; name = "Pods-CampusJobsUITests.debug.xcconfig"; path = "Pods/Target Support Files/Pods-CampusJobsUITests/Pods-CampusJobsUITests.debug.xcconfig"; sourceTree = "<group>"; };
		E9DA355DF18C3F3E4D625A03 /* libPods-CampusJobsTests.a */ = {isa = PBXFileReference; explicitFileType = archive.ar; includeInIndex = 0; path = "libPods-CampusJobsTests.a"; sourceTree = BUILT_PRODUCTS_DIR; };
		ED565AC89183BED45B9DBD13 /* libPods-CampusJobsTests.a */ = {isa = PBXFileReference; explicitFileType = archive.ar; includeInIndex = 0; path = "libPods-CampusJobsTests.a"; sourceTree = BUILT_PRODUCTS_DIR; };
		F3122699210A4E18004F4677 /* EditPaymentInfoViewController.h */ = {isa = PBXFileReference; lastKnownFileType = sourcecode.c.h; path = EditPaymentInfoViewController.h; sourceTree = "<group>"; };
		F312269A210A4E18004F4677 /* EditPaymentInfoViewController.m */ = {isa = PBXFileReference; lastKnownFileType = sourcecode.c.objc; path = EditPaymentInfoViewController.m; sourceTree = "<group>"; };
		F312269C210A535C004F4677 /* Card.h */ = {isa = PBXFileReference; lastKnownFileType = sourcecode.c.h; path = Card.h; sourceTree = "<group>"; };
		F312269D210A535C004F4677 /* Card.m */ = {isa = PBXFileReference; lastKnownFileType = sourcecode.c.objc; path = Card.m; sourceTree = "<group>"; };
		F312269F210A8582004F4677 /* Utils.h */ = {isa = PBXFileReference; lastKnownFileType = sourcecode.c.h; path = Utils.h; sourceTree = "<group>"; };
		F31226A0210A8582004F4677 /* Utils.m */ = {isa = PBXFileReference; lastKnownFileType = sourcecode.c.objc; path = Utils.m; sourceTree = "<group>"; };
		F31226A3210A8927004F4677 /* SegueConstants.h */ = {isa = PBXFileReference; lastKnownFileType = sourcecode.c.h; path = SegueConstants.h; sourceTree = "<group>"; };
		F31226A4210A8927004F4677 /* SegueConstants.m */ = {isa = PBXFileReference; lastKnownFileType = sourcecode.c.objc; path = SegueConstants.m; sourceTree = "<group>"; };
		F31226AA210A995A004F4677 /* Base */ = {isa = PBXFileReference; lastKnownFileType = file.storyboard; name = Base; path = Base.lproj/PaymentInfo.storyboard; sourceTree = "<group>"; };
		F31226AC210A995A004F4677 /* Base */ = {isa = PBXFileReference; lastKnownFileType = file.storyboard; name = Base; path = Base.lproj/Storyboard.storyboard; sourceTree = "<group>"; };
		F31CC592211264F500C899B7 /* Alert.h */ = {isa = PBXFileReference; lastKnownFileType = sourcecode.c.h; path = Alert.h; sourceTree = "<group>"; };
		F31CC593211264F500C899B7 /* Alert.m */ = {isa = PBXFileReference; lastKnownFileType = sourcecode.c.objc; path = Alert.m; sourceTree = "<group>"; };
		F32251F420FEA772003E4C08 /* Base */ = {isa = PBXFileReference; lastKnownFileType = file.storyboard; name = Base; path = Base.lproj/Chat.storyboard; sourceTree = "<group>"; };
		F338397D20FE9AA000364F86 /* ConversationsViewController.h */ = {isa = PBXFileReference; lastKnownFileType = sourcecode.c.h; path = ConversationsViewController.h; sourceTree = "<group>"; };
		F338397E20FE9AA000364F86 /* ConversationsViewController.m */ = {isa = PBXFileReference; lastKnownFileType = sourcecode.c.objc; path = ConversationsViewController.m; sourceTree = "<group>"; };
		F338398420FE9B2300364F86 /* ConversationTableViewCell.h */ = {isa = PBXFileReference; lastKnownFileType = sourcecode.c.h; path = ConversationTableViewCell.h; sourceTree = "<group>"; };
		F338398520FE9B2300364F86 /* ConversationTableViewCell.m */ = {isa = PBXFileReference; lastKnownFileType = sourcecode.c.objc; path = ConversationTableViewCell.m; sourceTree = "<group>"; };
		F359240420FFA8C20013FD61 /* ConversationDetailViewController.h */ = {isa = PBXFileReference; lastKnownFileType = sourcecode.c.h; path = ConversationDetailViewController.h; sourceTree = "<group>"; };
		F359240520FFA8C20013FD61 /* ConversationDetailViewController.m */ = {isa = PBXFileReference; lastKnownFileType = sourcecode.c.objc; path = ConversationDetailViewController.m; sourceTree = "<group>"; };
		F35E0B25211563F200FAC63C /* EditProfileViewController.h */ = {isa = PBXFileReference; lastKnownFileType = sourcecode.c.h; path = EditProfileViewController.h; sourceTree = "<group>"; };
		F35E0B26211563F200FAC63C /* EditProfileViewController.m */ = {isa = PBXFileReference; lastKnownFileType = sourcecode.c.objc; path = EditProfileViewController.m; sourceTree = "<group>"; };
		F35E0B392118C15800FAC63C /* RobotoCondensed-Bold.ttf */ = {isa = PBXFileReference; lastKnownFileType = file; path = "RobotoCondensed-Bold.ttf"; sourceTree = "<group>"; };
		F35E0B3A2118C15900FAC63C /* RobotoCondensed-Light.ttf */ = {isa = PBXFileReference; lastKnownFileType = file; path = "RobotoCondensed-Light.ttf"; sourceTree = "<group>"; };
		F35E0B3B2118C15900FAC63C /* RobotoCondensed-LightItalic.ttf */ = {isa = PBXFileReference; lastKnownFileType = file; path = "RobotoCondensed-LightItalic.ttf"; sourceTree = "<group>"; };
		F35E0B3C2118C15900FAC63C /* RobotoCondensed-Regular.ttf */ = {isa = PBXFileReference; lastKnownFileType = file; path = "RobotoCondensed-Regular.ttf"; sourceTree = "<group>"; };
		F35E0B3D2118C15900FAC63C /* RobotoCondensed-BoldItalic.ttf */ = {isa = PBXFileReference; lastKnownFileType = file; path = "RobotoCondensed-BoldItalic.ttf"; sourceTree = "<group>"; };
		F35E0B3E2118C15A00FAC63C /* RobotoCondensed-Italic.ttf */ = {isa = PBXFileReference; lastKnownFileType = file; path = "RobotoCondensed-Italic.ttf"; sourceTree = "<group>"; };
		F37ADB8420FE8ABA004C593C /* Base */ = {isa = PBXFileReference; lastKnownFileType = file.storyboard; name = Base; path = Base.lproj/LoginSignUp.storyboard; sourceTree = "<group>"; };
		F3837B6B20FD5E37007CA1E3 /* Assets.xcassets */ = {isa = PBXFileReference; lastKnownFileType = folder.assetcatalog; path = Assets.xcassets; sourceTree = "<group>"; };
		F3941ABE2121FFBB00F6BD21 /* SearchPostingsViewController.h */ = {isa = PBXFileReference; lastKnownFileType = sourcecode.c.h; path = SearchPostingsViewController.h; sourceTree = "<group>"; };
		F3941ABF2121FFBB00F6BD21 /* SearchPostingsViewController.m */ = {isa = PBXFileReference; lastKnownFileType = sourcecode.c.objc; path = SearchPostingsViewController.m; sourceTree = "<group>"; };
		F396B1F72113ADFE0099E623 /* Feed.storyboard */ = {isa = PBXFileReference; fileEncoding = 4; lastKnownFileType = file.storyboard; path = Feed.storyboard; sourceTree = "<group>"; };
		F396B1F92113B2260099E623 /* AppScheme.h */ = {isa = PBXFileReference; lastKnownFileType = sourcecode.c.h; path = AppScheme.h; sourceTree = "<group>"; };
		F396B1FA2113B2260099E623 /* AppScheme.m */ = {isa = PBXFileReference; lastKnownFileType = sourcecode.c.objc; path = AppScheme.m; sourceTree = "<group>"; };
		F39E66EB20EFE12800381BE7 /* CampusJobs.app */ = {isa = PBXFileReference; explicitFileType = wrapper.application; includeInIndex = 0; path = CampusJobs.app; sourceTree = BUILT_PRODUCTS_DIR; };
		F39E66EE20EFE12800381BE7 /* AppDelegate.h */ = {isa = PBXFileReference; lastKnownFileType = sourcecode.c.h; path = AppDelegate.h; sourceTree = "<group>"; };
		F39E66EF20EFE12800381BE7 /* AppDelegate.m */ = {isa = PBXFileReference; lastKnownFileType = sourcecode.c.objc; path = AppDelegate.m; sourceTree = "<group>"; };
		F39E66F520EFE12900381BE7 /* Base */ = {isa = PBXFileReference; lastKnownFileType = file.storyboard; name = Base; path = Base.lproj/Main.storyboard; sourceTree = "<group>"; };
		F39E66FA20EFE12900381BE7 /* Base */ = {isa = PBXFileReference; lastKnownFileType = file.storyboard; name = Base; path = Base.lproj/LaunchScreen.storyboard; sourceTree = "<group>"; };
		F39E66FC20EFE12900381BE7 /* Info.plist */ = {isa = PBXFileReference; lastKnownFileType = text.plist.xml; path = Info.plist; sourceTree = "<group>"; };
		F39E66FD20EFE12900381BE7 /* main.m */ = {isa = PBXFileReference; lastKnownFileType = sourcecode.c.objc; path = main.m; sourceTree = "<group>"; };
		F39E670320EFE12900381BE7 /* CampusJobsTests.xctest */ = {isa = PBXFileReference; explicitFileType = wrapper.cfbundle; includeInIndex = 0; path = CampusJobsTests.xctest; sourceTree = BUILT_PRODUCTS_DIR; };
		F39E670720EFE12900381BE7 /* CampusJobsTests.m */ = {isa = PBXFileReference; lastKnownFileType = sourcecode.c.objc; path = CampusJobsTests.m; sourceTree = "<group>"; };
		F39E670920EFE12900381BE7 /* Info.plist */ = {isa = PBXFileReference; lastKnownFileType = text.plist.xml; path = Info.plist; sourceTree = "<group>"; };
		F39E670E20EFE12900381BE7 /* CampusJobsUITests.xctest */ = {isa = PBXFileReference; explicitFileType = wrapper.cfbundle; includeInIndex = 0; path = CampusJobsUITests.xctest; sourceTree = BUILT_PRODUCTS_DIR; };
		F39E671220EFE12900381BE7 /* CampusJobsUITests.m */ = {isa = PBXFileReference; lastKnownFileType = sourcecode.c.objc; path = CampusJobsUITests.m; sourceTree = "<group>"; };
		F39E671420EFE12900381BE7 /* Info.plist */ = {isa = PBXFileReference; lastKnownFileType = text.plist.xml; path = Info.plist; sourceTree = "<group>"; };
		F39F4BE920FD147200C11CD0 /* Post.h */ = {isa = PBXFileReference; lastKnownFileType = sourcecode.c.h; path = Post.h; sourceTree = "<group>"; };
		F39F4BEA20FD147200C11CD0 /* Post.m */ = {isa = PBXFileReference; lastKnownFileType = sourcecode.c.objc; path = Post.m; sourceTree = "<group>"; };
		F39F4BEC20FD14A300C11CD0 /* Message.h */ = {isa = PBXFileReference; lastKnownFileType = sourcecode.c.h; path = Message.h; sourceTree = "<group>"; };
		F39F4BED20FD14A300C11CD0 /* Message.m */ = {isa = PBXFileReference; lastKnownFileType = sourcecode.c.objc; path = Message.m; sourceTree = "<group>"; };
		F39F4BEF20FD14C000C11CD0 /* Conversation.h */ = {isa = PBXFileReference; lastKnownFileType = sourcecode.c.h; path = Conversation.h; sourceTree = "<group>"; };
		F39F4BF020FD14C000C11CD0 /* Conversation.m */ = {isa = PBXFileReference; lastKnownFileType = sourcecode.c.objc; path = Conversation.m; sourceTree = "<group>"; };
		F3AE9F732102A1CF007BB53A /* SuggestPriceViewController.h */ = {isa = PBXFileReference; lastKnownFileType = sourcecode.c.h; path = SuggestPriceViewController.h; sourceTree = "<group>"; };
		F3AE9F742102A1CF007BB53A /* SuggestPriceViewController.m */ = {isa = PBXFileReference; lastKnownFileType = sourcecode.c.objc; path = SuggestPriceViewController.m; sourceTree = "<group>"; };
		F3C1F279211B80DD00B4D588 /* StringConstants.h */ = {isa = PBXFileReference; lastKnownFileType = sourcecode.c.h; path = StringConstants.h; sourceTree = "<group>"; };
		F3C1F27A211B80DD00B4D588 /* StringConstants.m */ = {isa = PBXFileReference; lastKnownFileType = sourcecode.c.objc; path = StringConstants.m; sourceTree = "<group>"; };
		F3C1F27C211CC31300B4D588 /* BottomNavigationBarViewController.h */ = {isa = PBXFileReference; lastKnownFileType = sourcecode.c.h; path = BottomNavigationBarViewController.h; sourceTree = "<group>"; };
		F3C1F27D211CC31300B4D588 /* BottomNavigationBarViewController.m */ = {isa = PBXFileReference; lastKnownFileType = sourcecode.c.objc; path = BottomNavigationBarViewController.m; sourceTree = "<group>"; };
		F3C1F288211D0E3500B4D588 /* JobCompletedViewController.h */ = {isa = PBXFileReference; lastKnownFileType = sourcecode.c.h; path = JobCompletedViewController.h; sourceTree = "<group>"; };
		F3C1F289211D0E3500B4D588 /* JobCompletedViewController.m */ = {isa = PBXFileReference; lastKnownFileType = sourcecode.c.objc; path = JobCompletedViewController.m; sourceTree = "<group>"; };
		F3DE3CF321064BCD008A536E /* MessageCollectionViewCell.h */ = {isa = PBXFileReference; lastKnownFileType = sourcecode.c.h; path = MessageCollectionViewCell.h; sourceTree = "<group>"; };
		F3DE3CF421064BCD008A536E /* MessageCollectionViewCell.m */ = {isa = PBXFileReference; lastKnownFileType = sourcecode.c.objc; path = MessageCollectionViewCell.m; sourceTree = "<group>"; };
		F3E55E5A2118C2A5001E03EF /* Apache License.txt */ = {isa = PBXFileReference; lastKnownFileType = text; path = "Apache License.txt"; sourceTree = "<group>"; };
		F3E55E5B2118CFB1001E03EF /* Format.h */ = {isa = PBXFileReference; lastKnownFileType = sourcecode.c.h; path = Format.h; sourceTree = "<group>"; };
		F3E55E5C2118CFB1001E03EF /* Format.m */ = {isa = PBXFileReference; lastKnownFileType = sourcecode.c.objc; path = Format.m; sourceTree = "<group>"; };
		FC29BF47210A913B00CB81DC /* MainProfileViewController.h */ = {isa = PBXFileReference; lastKnownFileType = sourcecode.c.h; path = MainProfileViewController.h; sourceTree = "<group>"; };
		FC29BF48210A913B00CB81DC /* MainProfileViewController.m */ = {isa = PBXFileReference; lastKnownFileType = sourcecode.c.objc; path = MainProfileViewController.m; sourceTree = "<group>"; };
		FC5B61FC20FE9A8B00050EA7 /* NearbyPostCell.h */ = {isa = PBXFileReference; lastKnownFileType = sourcecode.c.h; path = NearbyPostCell.h; sourceTree = "<group>"; };
		FC5B61FD20FE9A8B00050EA7 /* NearbyPostCell.m */ = {isa = PBXFileReference; lastKnownFileType = sourcecode.c.objc; path = NearbyPostCell.m; sourceTree = "<group>"; };
		FC5E1DC2211223D10088DDBE /* Colors.h */ = {isa = PBXFileReference; lastKnownFileType = sourcecode.c.h; path = Colors.h; sourceTree = "<group>"; };
		FC5E1DC3211223D10088DDBE /* Colors.m */ = {isa = PBXFileReference; lastKnownFileType = sourcecode.c.objc; path = Colors.m; sourceTree = "<group>"; };
		FC6C7E2920FD26FB00034CC4 /* FeedViewController.h */ = {isa = PBXFileReference; lastKnownFileType = sourcecode.c.h; path = FeedViewController.h; sourceTree = "<group>"; };
		FC6C7E2A20FD26FB00034CC4 /* FeedViewController.m */ = {isa = PBXFileReference; lastKnownFileType = sourcecode.c.objc; path = FeedViewController.m; sourceTree = "<group>"; };
		FC6C7E2D20FD47D500034CC4 /* NearbyPostingsViewController.h */ = {isa = PBXFileReference; lastKnownFileType = sourcecode.c.h; path = NearbyPostingsViewController.h; sourceTree = "<group>"; };
		FC6C7E2E20FD47D500034CC4 /* NearbyPostingsViewController.m */ = {isa = PBXFileReference; lastKnownFileType = sourcecode.c.objc; path = NearbyPostingsViewController.m; sourceTree = "<group>"; };
		FC6C7E3020FD47DF00034CC4 /* YourPostingsViewController.h */ = {isa = PBXFileReference; lastKnownFileType = sourcecode.c.h; path = YourPostingsViewController.h; sourceTree = "<group>"; };
		FC6C7E3120FD47DF00034CC4 /* YourPostingsViewController.m */ = {isa = PBXFileReference; lastKnownFileType = sourcecode.c.objc; path = YourPostingsViewController.m; sourceTree = "<group>"; };
		FC6C7E3320FD4D5600034CC4 /* ComposeNewPostViewController.h */ = {isa = PBXFileReference; lastKnownFileType = sourcecode.c.h; path = ComposeNewPostViewController.h; sourceTree = "<group>"; };
		FC6C7E3420FD4D5600034CC4 /* ComposeNewPostViewController.m */ = {isa = PBXFileReference; lastKnownFileType = sourcecode.c.objc; path = ComposeNewPostViewController.m; sourceTree = "<group>"; };
		FC6C7E3620FD51B600034CC4 /* PostDetailsViewController.h */ = {isa = PBXFileReference; lastKnownFileType = sourcecode.c.h; path = PostDetailsViewController.h; sourceTree = "<group>"; };
		FC6C7E3720FD51B600034CC4 /* PostDetailsViewController.m */ = {isa = PBXFileReference; lastKnownFileType = sourcecode.c.objc; path = PostDetailsViewController.m; sourceTree = "<group>"; };
		FC8EA1A3210151890054C43D /* MapViewController.h */ = {isa = PBXFileReference; lastKnownFileType = sourcecode.c.h; path = MapViewController.h; sourceTree = "<group>"; };
		FC8EA1A4210151890054C43D /* MapViewController.m */ = {isa = PBXFileReference; lastKnownFileType = sourcecode.c.objc; path = MapViewController.m; sourceTree = "<group>"; };
		FC8EA1A921024AE60054C43D /* MapKit.framework */ = {isa = PBXFileReference; lastKnownFileType = wrapper.framework; name = MapKit.framework; path = System/Library/Frameworks/MapKit.framework; sourceTree = SDKROOT; };
		FCD51ACC21092BCC002A5B2C /* JobLocationMapViewController.m */ = {isa = PBXFileReference; fileEncoding = 4; lastKnownFileType = sourcecode.c.objc; path = JobLocationMapViewController.m; sourceTree = "<group>"; };
		FCD51ACD21092BCC002A5B2C /* JobLocationMapViewController.h */ = {isa = PBXFileReference; fileEncoding = 4; lastKnownFileType = sourcecode.c.h; path = JobLocationMapViewController.h; sourceTree = "<group>"; };
		FCF9B1F920FEAF340035051E /* PreviousUserPostCell.h */ = {isa = PBXFileReference; lastKnownFileType = sourcecode.c.h; path = PreviousUserPostCell.h; sourceTree = "<group>"; };
		FCF9B1FA20FEAF340035051E /* PreviousUserPostCell.m */ = {isa = PBXFileReference; lastKnownFileType = sourcecode.c.objc; path = PreviousUserPostCell.m; sourceTree = "<group>"; };
/* End PBXFileReference section */

/* Begin PBXFrameworksBuildPhase section */
		F39E66E820EFE12800381BE7 /* Frameworks */ = {
			isa = PBXFrameworksBuildPhase;
			buildActionMask = 2147483647;
			files = (
				D3B67A992107E6D30042BD49 /* CoreData.framework in Frameworks */,
				D3B67A912107BFC50042BD49 /* Social.framework in Frameworks */,
				D3B67A8F2107BF920042BD49 /* Accounts.framework in Frameworks */,
				FC8EA1AA21024AE60054C43D /* MapKit.framework in Frameworks */,
				0B5AB4027DA2B42F5338E581 /* libPods-CampusJobs.a in Frameworks */,
				68FD9CB9109C988E9924ABF5 /* libPods-CampusJobs.a in Frameworks */,
			);
			runOnlyForDeploymentPostprocessing = 0;
		};
		F39E670020EFE12900381BE7 /* Frameworks */ = {
			isa = PBXFrameworksBuildPhase;
			buildActionMask = 2147483647;
			files = (
				B0FCB683D11A5C99E545A4DC /* libPods-CampusJobsTests.a in Frameworks */,
				B553F683BFB2BEDA5B356AED /* libPods-CampusJobsTests.a in Frameworks */,
			);
			runOnlyForDeploymentPostprocessing = 0;
		};
		F39E670B20EFE12900381BE7 /* Frameworks */ = {
			isa = PBXFrameworksBuildPhase;
			buildActionMask = 2147483647;
			files = (
				95B6920A3CEF6FA0A0C1AD56 /* libPods-CampusJobsUITests.a in Frameworks */,
				BA32DA9EC0097B34CB2DBCDB /* libPods-CampusJobsUITests.a in Frameworks */,
			);
			runOnlyForDeploymentPostprocessing = 0;
		};
/* End PBXFrameworksBuildPhase section */

/* Begin PBXGroup section */
		2ED8957605F6C946F37EFB97 /* Frameworks */ = {
			isa = PBXGroup;
			children = (
				D3B67A982107E6D30042BD49 /* CoreData.framework */,
				D3B67A902107BFC50042BD49 /* Social.framework */,
				D3B67A8E2107BF800042BD49 /* Accounts.framework */,
				FC8EA1A921024AE60054C43D /* MapKit.framework */,
				46E1136D26BA5B29970F9C4C /* libPods-CampusJobs.a */,
				ED565AC89183BED45B9DBD13 /* libPods-CampusJobsTests.a */,
				59C5EBBD5DE4F8C6302B1D04 /* libPods-CampusJobsUITests.a */,
			);
			name = Frameworks;
			path = ..;
			sourceTree = "<group>";
		};
		B51BE74DA0F4FFAD537D3A1A /* Pods */ = {
			isa = PBXGroup;
			children = (
				1ADAE6FC0657CE3ECDAF80A7 /* Pods-CampusJobs.debug.xcconfig */,
				BD498F905C1ED7EC86FBB555 /* Pods-CampusJobs.release.xcconfig */,
				686D45B7A17687051617033E /* Pods-CampusJobsTests.debug.xcconfig */,
				0DE65D414E7AC633E6910BA3 /* Pods-CampusJobsTests.release.xcconfig */,
				E2EF0A3DE1BD1C22A5290BBB /* Pods-CampusJobsUITests.debug.xcconfig */,
				85FB2DA46A125E1C89B8188E /* Pods-CampusJobsUITests.release.xcconfig */,
			);
			name = Pods;
			sourceTree = "<group>";
		};
		B7E98B1A328BB84E619AF1B8 /* Frameworks */ = {
			isa = PBXGroup;
			children = (
				0C806C0CDA283EAB83BDC05C /* libPods-CampusJobs.a */,
				E9DA355DF18C3F3E4D625A03 /* libPods-CampusJobsTests.a */,
				3B02012261CABA5CA00A5B6B /* libPods-CampusJobsUITests.a */,
			);
			name = Frameworks;
			sourceTree = "<group>";
		};
		D38B1727210B96B900EE5C8E /* socila */ = {
			isa = PBXGroup;
			children = (
				D3D64E4D211B921D00F48F1A /* Photos */,
				D3D64E4C211B907E00F48F1A /* New Group */,
				D3D64E2A211B68BF00F48F1A /* BackgroundFetchDemo */,
				D3D64E3B211B68BF00F48F1A /* BackgroundFetchDemoTests */,
				D38B18AC210EB8F6005E607F /* ViewController.h */,
				D38B18AD210EB8F6005E607F /* ViewController.m */,
			);
			path = socila;
			sourceTree = "<group>";
		};
		D38B18BE210EC624005E607F /* Services */ = {
			isa = PBXGroup;
			children = (
				D38B18C2210EC850005E607F /* ServicesTableViewController.h */,
				D38B18C3210EC850005E607F /* ServicesTableViewController.m */,
				D38B18C5210EC86D005E607F /* ServicesTableViewCell.h */,
				D38B18C6210EC86D005E607F /* ServicesTableViewCell.m */,
				D38B18C8210EC891005E607F /* ServicesViewController.h */,
				D38B18C9210EC891005E607F /* ServicesViewController.m */,
			);
			path = Services;
			sourceTree = "<group>";
		};
		D38B18BF210EC65D005E607F /* Social */ = {
			isa = PBXGroup;
			children = (
				D38B18D5210EC968005E607F /* SocialTableViewController.h */,
				D38B18D6210EC968005E607F /* SocialTableViewController.m */,
				D38B18DC210EC9AF005E607F /* SocialViewController.m */,
				D38B18D8210EC993005E607F /* SocialTableViewCell.h */,
				D38B18D9210EC993005E607F /* SocialTableViewCell.m */,
				D38B18DB210EC9AF005E607F /* SocialViewController.h */,
			);
			path = Social;
			sourceTree = "<group>";
		};
		D38B18C0210EC676005E607F /* Gallery */ = {
			isa = PBXGroup;
			children = (
				D38B18CB210EC8AE005E607F /* PortfolioViewController.h */,
				D38B18CC210EC8AE005E607F /* PortfolioViewController.m */,
			);
			path = Gallery;
			sourceTree = "<group>";
		};
		D38B18C1210EC69F005E607F /* Contact Us */ = {
			isa = PBXGroup;
			children = (
				D38B18CF210EC921005E607F /* ContactViewController.h */,
				D38B18D0210EC921005E607F /* ContactViewController.m */,
				D38B18D2210EC940005E607F /* EmailViewController.h */,
			);
			path = "Contact Us";
			sourceTree = "<group>";
		};
		D38F03AD2101643500EE35D1 /* Recovered References */ = {
			isa = PBXGroup;
			children = (
				D3811B2C20FD3EA800EEA6FC /* Assets.xcassets */,
			);
			name = "Recovered References";
			sourceTree = "<group>";
		};
		D3D64E2A211B68BF00F48F1A /* BackgroundFetchDemo */ = {
			isa = PBXGroup;
			children = (
				D3D64E2B211B68BF00F48F1A /* InfoPlist.strings */,
				D3D64E2D211B68BF00F48F1A /* AppDelegate.h */,
				D3D64E2E211B68BF00F48F1A /* SimpleMessage.m */,
				D3D64E2F211B68BF00F48F1A /* BackgroundFetchDemo-Prefix.pch */,
				D3D64E30211B68BF00F48F1A /* DetailViewController.m */,
				D3D64E31211B68BF00F48F1A /* MasterViewController.h */,
				D3D64E32211B68BF00F48F1A /* Main.storyboard */,
				D3D64E34211B68BF00F48F1A /* main.m */,
				D3D64E35211B68BF00F48F1A /* SimpleMessage.h */,
				D3D64E36211B68BF00F48F1A /* Images.xcassets */,
				D3D64E37211B68BF00F48F1A /* AppDelegate.m */,
				D3D64E38211B68BF00F48F1A /* BackgroundFetchDemo-Info.plist */,
				D3D64E39211B68BF00F48F1A /* MasterViewController.m */,
				D3D64E3A211B68BF00F48F1A /* DetailViewController.h */,
			);
			path = BackgroundFetchDemo;
			sourceTree = "<group>";
		};
		D3D64E3B211B68BF00F48F1A /* BackgroundFetchDemoTests */ = {
			isa = PBXGroup;
			children = (
				D3D64E3C211B68BF00F48F1A /* BackgroundFetchDemoTests-Info.plist */,
				D3D64E3D211B68BF00F48F1A /* InfoPlist.strings */,
				D3D64E3F211B68BF00F48F1A /* BackgroundFetchDemoTests.m */,
			);
			path = BackgroundFetchDemoTests;
			sourceTree = "<group>";
		};
		D3D64E4C211B907E00F48F1A /* New Group */ = {
			isa = PBXGroup;
			children = (
			);
			path = "New Group";
			sourceTree = "<group>";
		};
		D3D64E4D211B921D00F48F1A /* Photos */ = {
			isa = PBXGroup;
			children = (
				D3D64E60211B9A1F00F48F1A /* PictureViewController.m */,
				D3D64E58211B921D00F48F1A /* PictureViewController.h */,
				D3D64E51211B921D00F48F1A /* LaunchScreen.storyboard */,
				D3D64E53211B921D00F48F1A /* Main.storyboard */,
				D3D64E55211B921D00F48F1A /* main.m */,
				D3D64E57211B921D00F48F1A /* Info.plist */,
			);
			path = Photos;
			sourceTree = "<group>";
		};
		F39E66E220EFE12800381BE7 = {
			isa = PBXGroup;
			children = (
				F39E66ED20EFE12800381BE7 /* CampusJobs */,
				F39E670620EFE12900381BE7 /* CampusJobsTests */,
				F39E671120EFE12900381BE7 /* CampusJobsUITests */,
				F39E66EC20EFE12800381BE7 /* Products */,
				B51BE74DA0F4FFAD537D3A1A /* Pods */,
				FC8EA1AB2102578F0054C43D /* Recovered References */,
				D38F03AD2101643500EE35D1 /* Recovered References */,
				B7E98B1A328BB84E619AF1B8 /* Frameworks */,
			);
			sourceTree = "<group>";
		};
		F39E66EC20EFE12800381BE7 /* Products */ = {
			isa = PBXGroup;
			children = (
				F39E66EB20EFE12800381BE7 /* CampusJobs.app */,
				F39E670320EFE12900381BE7 /* CampusJobsTests.xctest */,
				F39E670E20EFE12900381BE7 /* CampusJobsUITests.xctest */,
			);
			name = Products;
			sourceTree = "<group>";
		};
		F39E66ED20EFE12800381BE7 /* CampusJobs */ = {
			isa = PBXGroup;
			children = (
				FC8D08DD20FFA89E00086062 /* Storyboards */,
				FC5B61FF20FE9ADE00050EA7 /* Cells */,
				FC6C7E2C20FD271400034CC4 /* ViewControllers */,
				F39F4BE820FD146100C11CD0 /* Models */,
				F39E66EE20EFE12800381BE7 /* AppDelegate.h */,
				F39E66EF20EFE12800381BE7 /* AppDelegate.m */,
				F39E66FC20EFE12900381BE7 /* Info.plist */,
				F39E66FD20EFE12900381BE7 /* main.m */,
				F3D463B32118C25800DC992D /* Fonts */,
				F3837B6B20FD5E37007CA1E3 /* Assets.xcassets */,
				F396B1F92113B2260099E623 /* AppScheme.h */,
				F396B1FA2113B2260099E623 /* AppScheme.m */,
			);
			path = CampusJobs;
			sourceTree = "<group>";
		};
		F39E670620EFE12900381BE7 /* CampusJobsTests */ = {
			isa = PBXGroup;
			children = (
				F39E670720EFE12900381BE7 /* CampusJobsTests.m */,
				F39E670920EFE12900381BE7 /* Info.plist */,
			);
			path = CampusJobsTests;
			sourceTree = "<group>";
		};
		F39E671120EFE12900381BE7 /* CampusJobsUITests */ = {
			isa = PBXGroup;
			children = (
				2ED8957605F6C946F37EFB97 /* Frameworks */,
				F39E671220EFE12900381BE7 /* CampusJobsUITests.m */,
				F39E671420EFE12900381BE7 /* Info.plist */,
			);
			path = CampusJobsUITests;
			sourceTree = "<group>";
		};
		F39F4BE820FD146100C11CD0 /* Models */ = {
			isa = PBXGroup;
			children = (
				F39F4BE920FD147200C11CD0 /* Post.h */,
				F39F4BEA20FD147200C11CD0 /* Post.m */,
				F39F4BEC20FD14A300C11CD0 /* Message.h */,
				F39F4BED20FD14A300C11CD0 /* Message.m */,
				F39F4BEF20FD14C000C11CD0 /* Conversation.h */,
				F39F4BF020FD14C000C11CD0 /* Conversation.m */,
				F312269C210A535C004F4677 /* Card.h */,
				F312269D210A535C004F4677 /* Card.m */,
				F312269F210A8582004F4677 /* Utils.h */,
				F31226A0210A8582004F4677 /* Utils.m */,
				F31226A3210A8927004F4677 /* SegueConstants.h */,
				F31226A4210A8927004F4677 /* SegueConstants.m */,
				F3C1F279211B80DD00B4D588 /* StringConstants.h */,
				F3C1F27A211B80DD00B4D588 /* StringConstants.m */,
				F31CC592211264F500C899B7 /* Alert.h */,
				F31CC593211264F500C899B7 /* Alert.m */,
				FC5E1DC2211223D10088DDBE /* Colors.h */,
				FC5E1DC3211223D10088DDBE /* Colors.m */,
				F3E55E5B2118CFB1001E03EF /* Format.h */,
				F3E55E5C2118CFB1001E03EF /* Format.m */,
			);
			path = Models;
			sourceTree = "<group>";
		};
		F3D463B32118C25800DC992D /* Fonts */ = {
			isa = PBXGroup;
			children = (
				F3E55E5A2118C2A5001E03EF /* Apache License.txt */,
				F35E0B392118C15800FAC63C /* RobotoCondensed-Bold.ttf */,
				F35E0B3D2118C15900FAC63C /* RobotoCondensed-BoldItalic.ttf */,
				F35E0B3E2118C15A00FAC63C /* RobotoCondensed-Italic.ttf */,
				F35E0B3A2118C15900FAC63C /* RobotoCondensed-Light.ttf */,
				F35E0B3B2118C15900FAC63C /* RobotoCondensed-LightItalic.ttf */,
				F35E0B3C2118C15900FAC63C /* RobotoCondensed-Regular.ttf */,
			);
			name = Fonts;
			path = Font;
			sourceTree = "<group>";
		};
		FC5B61FF20FE9ADE00050EA7 /* Cells */ = {
			isa = PBXGroup;
			children = (
				FC5B61FC20FE9A8B00050EA7 /* NearbyPostCell.h */,
				FC5B61FD20FE9A8B00050EA7 /* NearbyPostCell.m */,
				FCF9B1F920FEAF340035051E /* PreviousUserPostCell.h */,
				FCF9B1FA20FEAF340035051E /* PreviousUserPostCell.m */,
				F338398420FE9B2300364F86 /* ConversationTableViewCell.h */,
				F338398520FE9B2300364F86 /* ConversationTableViewCell.m */,
				F3DE3CF321064BCD008A536E /* MessageCollectionViewCell.h */,
				F3DE3CF421064BCD008A536E /* MessageCollectionViewCell.m */,
			);
			path = Cells;
			sourceTree = "<group>";
		};
		FC6C7E2C20FD271400034CC4 /* ViewControllers */ = {
			isa = PBXGroup;
			children = (
				D31566C4210A86C900E5C414 /* HomeViewController.h */,
				D31566C5210A86C900E5C414 /* HomeViewController.m */,
				D3B67A922107C3D20042BD49 /* SearchViewController.h */,
				D3B67A932107C3D20042BD49 /* SearchViewController.m */,
				D3B67A8B21079C2C0042BD49 /* PhotoViewController.h */,
				D3B67A8C21079C2C0042BD49 /* PhotoViewController.m */,
				D3B67A8821067F5E0042BD49 /* ProfileViewController.h */,
				D3B67A8921067F5E0042BD49 /* ProfileViewController.m */,
				D3E5A15820FD545800891964 /* LoginViewController.h */,
				D3E5A15520FD545700891964 /* LoginViewController.m */,
				D3E5A15620FD545700891964 /* SignUpViewController.h */,
				D3E5A15720FD545800891964 /* SignUpViewController.m */,
				FCD51ACD21092BCC002A5B2C /* JobLocationMapViewController.h */,
				FCD51ACC21092BCC002A5B2C /* JobLocationMapViewController.m */,
				FC8EA1A3210151890054C43D /* MapViewController.h */,
				FC8EA1A4210151890054C43D /* MapViewController.m */,
				FC6C7E2920FD26FB00034CC4 /* FeedViewController.h */,
				FC6C7E2A20FD26FB00034CC4 /* FeedViewController.m */,
				F3941ABE2121FFBB00F6BD21 /* SearchPostingsViewController.h */,
				F3941ABF2121FFBB00F6BD21 /* SearchPostingsViewController.m */,
				FC6C7E2D20FD47D500034CC4 /* NearbyPostingsViewController.h */,
				FC6C7E2E20FD47D500034CC4 /* NearbyPostingsViewController.m */,
				FC6C7E3020FD47DF00034CC4 /* YourPostingsViewController.h */,
				FC6C7E3120FD47DF00034CC4 /* YourPostingsViewController.m */,
				FC6C7E3320FD4D5600034CC4 /* ComposeNewPostViewController.h */,
				FC6C7E3420FD4D5600034CC4 /* ComposeNewPostViewController.m */,
				FC6C7E3620FD51B600034CC4 /* PostDetailsViewController.h */,
				FC6C7E3720FD51B600034CC4 /* PostDetailsViewController.m */,
				F338397D20FE9AA000364F86 /* ConversationsViewController.h */,
				F338397E20FE9AA000364F86 /* ConversationsViewController.m */,
				F359240420FFA8C20013FD61 /* ConversationDetailViewController.h */,
				F359240520FFA8C20013FD61 /* ConversationDetailViewController.m */,
				F3AE9F732102A1CF007BB53A /* SuggestPriceViewController.h */,
				F3AE9F742102A1CF007BB53A /* SuggestPriceViewController.m */,
				FC29BF48210A913B00CB81DC /* MainProfileViewController.m */,
				FC29BF47210A913B00CB81DC /* MainProfileViewController.h */,
				F3122699210A4E18004F4677 /* EditPaymentInfoViewController.h */,
				F312269A210A4E18004F4677 /* EditPaymentInfoViewController.m */,
				F35E0B25211563F200FAC63C /* EditProfileViewController.h */,
				F35E0B26211563F200FAC63C /* EditProfileViewController.m */,
				F3C1F27C211CC31300B4D588 /* BottomNavigationBarViewController.h */,
				F3C1F27D211CC31300B4D588 /* BottomNavigationBarViewController.m */,
				F3C1F288211D0E3500B4D588 /* JobCompletedViewController.h */,
				F3C1F289211D0E3500B4D588 /* JobCompletedViewController.m */,
			);
			path = ViewControllers;
			sourceTree = "<group>";
		};
		FC8D08DD20FFA89E00086062 /* Storyboards */ = {
			isa = PBXGroup;
			children = (
				F39E66F420EFE12900381BE7 /* Main.storyboard */,
				F396B1F72113ADFE0099E623 /* Feed.storyboard */,
				F32251F320FEA772003E4C08 /* Chat.storyboard */,
				F37ADB8320FE8ABA004C593C /* LoginSignUp.storyboard */,
				D3068315210FBF49003C2CB1 /* PaymentInfo.storyboard */,
				D3068318210FBF57003C2CB1 /* Storyboard.storyboard */,
				F39E66F920EFE12900381BE7 /* LaunchScreen.storyboard */,
				D38B18E0210FB1CF005E607F /* NameViewController.h */,
				D38B18E1210FB1CF005E607F /* NameViewController.m */,
				D38B1727210B96B900EE5C8E /* socila */,
				D38B18BE210EC624005E607F /* Services */,
				D38B18C0210EC676005E607F /* Gallery */,
				D38B18C1210EC69F005E607F /* Contact Us */,
				D38B18BF210EC65D005E607F /* Social */,
			);
			path = Storyboards;
			sourceTree = "<group>";
		};
		FC8EA1AB2102578F0054C43D /* Recovered References */ = {
			isa = PBXGroup;
			children = (
				F31226A9210A995A004F4677 /* PaymentInfo.storyboard */,
				F31226AB210A995A004F4677 /* Storyboard.storyboard */,
			);
			name = "Recovered References";
			sourceTree = "<group>";
		};
/* End PBXGroup section */

/* Begin PBXNativeTarget section */
		F39E66EA20EFE12800381BE7 /* CampusJobs */ = {
			isa = PBXNativeTarget;
			buildConfigurationList = F39E671720EFE12900381BE7 /* Build configuration list for PBXNativeTarget "CampusJobs" */;
			buildPhases = (
				5A078B8E40ED15028D7253B6 /* [CP] Check Pods Manifest.lock */,
				F39E66E720EFE12800381BE7 /* Sources */,
				F39E66E820EFE12800381BE7 /* Frameworks */,
				F39E66E920EFE12800381BE7 /* Resources */,
				F08F9112CEB03B12FBE3281A /* [CP] Copy Pods Resources */,
			);
			buildRules = (
			);
			dependencies = (
			);
			name = CampusJobs;
			productName = CampusJobs;
			productReference = F39E66EB20EFE12800381BE7 /* CampusJobs.app */;
			productType = "com.apple.product-type.application";
		};
		F39E670220EFE12900381BE7 /* CampusJobsTests */ = {
			isa = PBXNativeTarget;
			buildConfigurationList = F39E671A20EFE12900381BE7 /* Build configuration list for PBXNativeTarget "CampusJobsTests" */;
			buildPhases = (
				894BAB6F9D12B0E0A8DB4DE0 /* [CP] Check Pods Manifest.lock */,
				F39E66FF20EFE12900381BE7 /* Sources */,
				F39E670020EFE12900381BE7 /* Frameworks */,
				F39E670120EFE12900381BE7 /* Resources */,
			);
			buildRules = (
			);
			dependencies = (
				F39E670520EFE12900381BE7 /* PBXTargetDependency */,
			);
			name = CampusJobsTests;
			productName = CampusJobsTests;
			productReference = F39E670320EFE12900381BE7 /* CampusJobsTests.xctest */;
			productType = "com.apple.product-type.bundle.unit-test";
		};
		F39E670D20EFE12900381BE7 /* CampusJobsUITests */ = {
			isa = PBXNativeTarget;
			buildConfigurationList = F39E671D20EFE12900381BE7 /* Build configuration list for PBXNativeTarget "CampusJobsUITests" */;
			buildPhases = (
				17730A6D1311920D1E1989A0 /* [CP] Check Pods Manifest.lock */,
				F39E670A20EFE12900381BE7 /* Sources */,
				F39E670B20EFE12900381BE7 /* Frameworks */,
				F39E670C20EFE12900381BE7 /* Resources */,
			);
			buildRules = (
			);
			dependencies = (
				F39E671020EFE12900381BE7 /* PBXTargetDependency */,
			);
			name = CampusJobsUITests;
			productName = CampusJobsUITests;
			productReference = F39E670E20EFE12900381BE7 /* CampusJobsUITests.xctest */;
			productType = "com.apple.product-type.bundle.ui-testing";
		};
/* End PBXNativeTarget section */

/* Begin PBXProject section */
		F39E66E320EFE12800381BE7 /* Project object */ = {
			isa = PBXProject;
			attributes = {
				LastUpgradeCheck = 0940;
				ORGANIZATIONNAME = "So What";
				TargetAttributes = {
					F39E66EA20EFE12800381BE7 = {
						CreatedOnToolsVersion = 9.4.1;
					};
					F39E670220EFE12900381BE7 = {
						CreatedOnToolsVersion = 9.4.1;
						TestTargetID = F39E66EA20EFE12800381BE7;
					};
					F39E670D20EFE12900381BE7 = {
						CreatedOnToolsVersion = 9.4.1;
						TestTargetID = F39E66EA20EFE12800381BE7;
					};
				};
			};
			buildConfigurationList = F39E66E620EFE12800381BE7 /* Build configuration list for PBXProject "CampusJobs" */;
			compatibilityVersion = "Xcode 9.3";
			developmentRegion = en;
			hasScannedForEncodings = 0;
			knownRegions = (
				en,
				Base,
			);
			mainGroup = F39E66E220EFE12800381BE7;
			productRefGroup = F39E66EC20EFE12800381BE7 /* Products */;
			projectDirPath = "";
			projectRoot = "";
			targets = (
				F39E66EA20EFE12800381BE7 /* CampusJobs */,
				F39E670220EFE12900381BE7 /* CampusJobsTests */,
				F39E670D20EFE12900381BE7 /* CampusJobsUITests */,
			);
		};
/* End PBXProject section */

/* Begin PBXResourcesBuildPhase section */
		F39E66E920EFE12800381BE7 /* Resources */ = {
			isa = PBXResourcesBuildPhase;
			buildActionMask = 2147483647;
			files = (
				F3FD51AB211E4FE600051E05 /* Main.storyboard in Resources */,
				F3FD51AC211E4FE600051E05 /* LaunchScreen.storyboard in Resources */,
				F35E0B3F2118C15A00FAC63C /* RobotoCondensed-Bold.ttf in Resources */,
				F35E0B402118C15A00FAC63C /* RobotoCondensed-Light.ttf in Resources */,
				F35E0B412118C15A00FAC63C /* RobotoCondensed-LightItalic.ttf in Resources */,
				F35E0B422118C15A00FAC63C /* RobotoCondensed-Regular.ttf in Resources */,
				F35E0B432118C15A00FAC63C /* RobotoCondensed-BoldItalic.ttf in Resources */,
				F35E0B442118C15A00FAC63C /* RobotoCondensed-Italic.ttf in Resources */,
				F3FD740421153589004BF81B /* Feed.storyboard in Resources */,
				D306831B210FBF79003C2CB1 /* PaymentInfo.storyboard in Resources */,
				D306831C210FBF79003C2CB1 /* Storyboard.storyboard in Resources */,
				F37ADB8520FE8ABA004C593C /* LoginSignUp.storyboard in Resources */,
				F3837B6C20FD5E37007CA1E3 /* Assets.xcassets in Resources */,
				F32251F520FEA772003E4C08 /* Chat.storyboard in Resources */,
			);
			runOnlyForDeploymentPostprocessing = 0;
		};
		F39E670120EFE12900381BE7 /* Resources */ = {
			isa = PBXResourcesBuildPhase;
			buildActionMask = 2147483647;
			files = (
			);
			runOnlyForDeploymentPostprocessing = 0;
		};
		F39E670C20EFE12900381BE7 /* Resources */ = {
			isa = PBXResourcesBuildPhase;
			buildActionMask = 2147483647;
			files = (
			);
			runOnlyForDeploymentPostprocessing = 0;
		};
/* End PBXResourcesBuildPhase section */

/* Begin PBXShellScriptBuildPhase section */
		17730A6D1311920D1E1989A0 /* [CP] Check Pods Manifest.lock */ = {
			isa = PBXShellScriptBuildPhase;
			buildActionMask = 2147483647;
			files = (
			);
			inputPaths = (
				"${PODS_PODFILE_DIR_PATH}/Podfile.lock",
				"${PODS_ROOT}/Manifest.lock",
			);
			name = "[CP] Check Pods Manifest.lock";
			outputPaths = (
				"$(DERIVED_FILE_DIR)/Pods-CampusJobsUITests-checkManifestLockResult.txt",
			);
			runOnlyForDeploymentPostprocessing = 0;
			shellPath = /bin/sh;
			shellScript = "diff \"${PODS_PODFILE_DIR_PATH}/Podfile.lock\" \"${PODS_ROOT}/Manifest.lock\" > /dev/null\nif [ $? != 0 ] ; then\n    # print error to STDERR\n    echo \"error: The sandbox is not in sync with the Podfile.lock. Run 'pod install' or update your CocoaPods installation.\" >&2\n    exit 1\nfi\n# This output is used by Xcode 'outputs' to avoid re-running this script phase.\necho \"SUCCESS\" > \"${SCRIPT_OUTPUT_FILE_0}\"\n";
			showEnvVarsInLog = 0;
		};
		5A078B8E40ED15028D7253B6 /* [CP] Check Pods Manifest.lock */ = {
			isa = PBXShellScriptBuildPhase;
			buildActionMask = 2147483647;
			files = (
			);
			inputPaths = (
				"${PODS_PODFILE_DIR_PATH}/Podfile.lock",
				"${PODS_ROOT}/Manifest.lock",
			);
			name = "[CP] Check Pods Manifest.lock";
			outputPaths = (
				"$(DERIVED_FILE_DIR)/Pods-CampusJobs-checkManifestLockResult.txt",
			);
			runOnlyForDeploymentPostprocessing = 0;
			shellPath = /bin/sh;
			shellScript = "diff \"${PODS_PODFILE_DIR_PATH}/Podfile.lock\" \"${PODS_ROOT}/Manifest.lock\" > /dev/null\nif [ $? != 0 ] ; then\n    # print error to STDERR\n    echo \"error: The sandbox is not in sync with the Podfile.lock. Run 'pod install' or update your CocoaPods installation.\" >&2\n    exit 1\nfi\n# This output is used by Xcode 'outputs' to avoid re-running this script phase.\necho \"SUCCESS\" > \"${SCRIPT_OUTPUT_FILE_0}\"\n";
			showEnvVarsInLog = 0;
		};
		894BAB6F9D12B0E0A8DB4DE0 /* [CP] Check Pods Manifest.lock */ = {
			isa = PBXShellScriptBuildPhase;
			buildActionMask = 2147483647;
			files = (
			);
			inputPaths = (
				"${PODS_PODFILE_DIR_PATH}/Podfile.lock",
				"${PODS_ROOT}/Manifest.lock",
			);
			name = "[CP] Check Pods Manifest.lock";
			outputPaths = (
				"$(DERIVED_FILE_DIR)/Pods-CampusJobsTests-checkManifestLockResult.txt",
			);
			runOnlyForDeploymentPostprocessing = 0;
			shellPath = /bin/sh;
			shellScript = "diff \"${PODS_PODFILE_DIR_PATH}/Podfile.lock\" \"${PODS_ROOT}/Manifest.lock\" > /dev/null\nif [ $? != 0 ] ; then\n    # print error to STDERR\n    echo \"error: The sandbox is not in sync with the Podfile.lock. Run 'pod install' or update your CocoaPods installation.\" >&2\n    exit 1\nfi\n# This output is used by Xcode 'outputs' to avoid re-running this script phase.\necho \"SUCCESS\" > \"${SCRIPT_OUTPUT_FILE_0}\"\n";
			showEnvVarsInLog = 0;
		};
		F08F9112CEB03B12FBE3281A /* [CP] Copy Pods Resources */ = {
			isa = PBXShellScriptBuildPhase;
			buildActionMask = 2147483647;
			files = (
			);
			inputPaths = (
				"${SRCROOT}/Pods/Target Support Files/Pods-CampusJobs/Pods-CampusJobs-resources.sh",
				"${PODS_ROOT}/DateTools/DateTools/DateTools/DateTools.bundle",
				"${PODS_ROOT}/MaterialComponents/components/ActivityIndicator/src/MaterialActivityIndicator.bundle",
				"${PODS_ROOT}/MaterialComponents/components/AppBar/src/MaterialAppBar.bundle",
				"${PODS_ROOT}/MaterialComponents/components/BottomNavigation/src/MaterialBottomNavigation.bundle",
				"${PODS_ROOT}/MaterialComponents/components/CollectionCells/src/MaterialCollectionCells.bundle",
				"${PODS_ROOT}/MaterialComponents/components/Collections/src/MaterialCollections.bundle",
				"${PODS_ROOT}/MaterialComponents/components/Dialogs/src/MaterialDialogs.bundle",
				"${PODS_ROOT}/MaterialComponents/components/FeatureHighlight/src/MaterialFeatureHighlight.bundle",
				"${PODS_ROOT}/MaterialComponents/components/PageControl/src/MaterialPageControl.bundle",
				"${PODS_ROOT}/MaterialComponents/components/Tabs/src/MaterialTabs.bundle",
				"${PODS_CONFIGURATION_BUILD_DIR}/MaterialComponents/MaterialIcons_ic_arrow_back.bundle",
				"${PODS_CONFIGURATION_BUILD_DIR}/MaterialComponents/MaterialIcons_ic_check.bundle",
				"${PODS_CONFIGURATION_BUILD_DIR}/MaterialComponents/MaterialIcons_ic_check_circle.bundle",
				"${PODS_CONFIGURATION_BUILD_DIR}/MaterialComponents/MaterialIcons_ic_chevron_right.bundle",
				"${PODS_CONFIGURATION_BUILD_DIR}/MaterialComponents/MaterialIcons_ic_color_lens.bundle",
				"${PODS_CONFIGURATION_BUILD_DIR}/MaterialComponents/MaterialIcons_ic_help_outline.bundle",
				"${PODS_CONFIGURATION_BUILD_DIR}/MaterialComponents/MaterialIcons_ic_info.bundle",
				"${PODS_CONFIGURATION_BUILD_DIR}/MaterialComponents/MaterialIcons_ic_more_horiz.bundle",
				"${PODS_CONFIGURATION_BUILD_DIR}/MaterialComponents/MaterialIcons_ic_radio_button_unchecked.bundle",
				"${PODS_CONFIGURATION_BUILD_DIR}/MaterialComponents/MaterialIcons_ic_reorder.bundle",
				"${PODS_CONFIGURATION_BUILD_DIR}/MaterialComponents/MaterialIcons_ic_settings.bundle",
				"${PODS_CONFIGURATION_BUILD_DIR}/Parse/Parse.bundle",
				"${PODS_ROOT}/ParseUI/ParseUI/Resources/Localization/en.lproj",
				"${PODS_ROOT}/ParseUI/ParseUI/Resources/Localization/fr.lproj",
				"${PODS_ROOT}/ParseUI/ParseUI/Resources/Localization/pt-BR.lproj",
			);
			name = "[CP] Copy Pods Resources";
			outputPaths = (
				"${TARGET_BUILD_DIR}/${UNLOCALIZED_RESOURCES_FOLDER_PATH}/DateTools.bundle",
				"${TARGET_BUILD_DIR}/${UNLOCALIZED_RESOURCES_FOLDER_PATH}/MaterialActivityIndicator.bundle",
				"${TARGET_BUILD_DIR}/${UNLOCALIZED_RESOURCES_FOLDER_PATH}/MaterialAppBar.bundle",
				"${TARGET_BUILD_DIR}/${UNLOCALIZED_RESOURCES_FOLDER_PATH}/MaterialBottomNavigation.bundle",
				"${TARGET_BUILD_DIR}/${UNLOCALIZED_RESOURCES_FOLDER_PATH}/MaterialCollectionCells.bundle",
				"${TARGET_BUILD_DIR}/${UNLOCALIZED_RESOURCES_FOLDER_PATH}/MaterialCollections.bundle",
				"${TARGET_BUILD_DIR}/${UNLOCALIZED_RESOURCES_FOLDER_PATH}/MaterialDialogs.bundle",
				"${TARGET_BUILD_DIR}/${UNLOCALIZED_RESOURCES_FOLDER_PATH}/MaterialFeatureHighlight.bundle",
				"${TARGET_BUILD_DIR}/${UNLOCALIZED_RESOURCES_FOLDER_PATH}/MaterialPageControl.bundle",
				"${TARGET_BUILD_DIR}/${UNLOCALIZED_RESOURCES_FOLDER_PATH}/MaterialTabs.bundle",
				"${TARGET_BUILD_DIR}/${UNLOCALIZED_RESOURCES_FOLDER_PATH}/MaterialIcons_ic_arrow_back.bundle",
				"${TARGET_BUILD_DIR}/${UNLOCALIZED_RESOURCES_FOLDER_PATH}/MaterialIcons_ic_check.bundle",
				"${TARGET_BUILD_DIR}/${UNLOCALIZED_RESOURCES_FOLDER_PATH}/MaterialIcons_ic_check_circle.bundle",
				"${TARGET_BUILD_DIR}/${UNLOCALIZED_RESOURCES_FOLDER_PATH}/MaterialIcons_ic_chevron_right.bundle",
				"${TARGET_BUILD_DIR}/${UNLOCALIZED_RESOURCES_FOLDER_PATH}/MaterialIcons_ic_color_lens.bundle",
				"${TARGET_BUILD_DIR}/${UNLOCALIZED_RESOURCES_FOLDER_PATH}/MaterialIcons_ic_help_outline.bundle",
				"${TARGET_BUILD_DIR}/${UNLOCALIZED_RESOURCES_FOLDER_PATH}/MaterialIcons_ic_info.bundle",
				"${TARGET_BUILD_DIR}/${UNLOCALIZED_RESOURCES_FOLDER_PATH}/MaterialIcons_ic_more_horiz.bundle",
				"${TARGET_BUILD_DIR}/${UNLOCALIZED_RESOURCES_FOLDER_PATH}/MaterialIcons_ic_radio_button_unchecked.bundle",
				"${TARGET_BUILD_DIR}/${UNLOCALIZED_RESOURCES_FOLDER_PATH}/MaterialIcons_ic_reorder.bundle",
				"${TARGET_BUILD_DIR}/${UNLOCALIZED_RESOURCES_FOLDER_PATH}/MaterialIcons_ic_settings.bundle",
				"${TARGET_BUILD_DIR}/${UNLOCALIZED_RESOURCES_FOLDER_PATH}/Parse.bundle",
				"${TARGET_BUILD_DIR}/${UNLOCALIZED_RESOURCES_FOLDER_PATH}/en.lproj",
				"${TARGET_BUILD_DIR}/${UNLOCALIZED_RESOURCES_FOLDER_PATH}/fr.lproj",
				"${TARGET_BUILD_DIR}/${UNLOCALIZED_RESOURCES_FOLDER_PATH}/pt-BR.lproj",
			);
			runOnlyForDeploymentPostprocessing = 0;
			shellPath = /bin/sh;
			shellScript = "\"${SRCROOT}/Pods/Target Support Files/Pods-CampusJobs/Pods-CampusJobs-resources.sh\"\n";
			showEnvVarsInLog = 0;
		};
/* End PBXShellScriptBuildPhase section */

/* Begin PBXSourcesBuildPhase section */
		F39E66E720EFE12800381BE7 /* Sources */ = {
			isa = PBXSourcesBuildPhase;
			buildActionMask = 2147483647;
			files = (
				F3C1F277211B6D4F00B4D588 /* Alert.m in Sources */,
				F3C1F278211B6D4F00B4D588 /* Colors.m in Sources */,
				D38B18DE210F80CB005E607F /* MainProfileViewController.m in Sources */,
				D38B18E6210FBE43005E607F /* ProfileViewController.m in Sources */,
				D38B18DF210F80CB005E607F /* SegueConstants.m in Sources */,
				F359240620FFA8C20013FD61 /* ConversationDetailViewController.m in Sources */,
				FC5B61FE20FE9A8B00050EA7 /* NearbyPostCell.m in Sources */,
				F3DE3CF521064BCD008A536E /* MessageCollectionViewCell.m in Sources */,
				F338397F20FE9AA000364F86 /* ConversationsViewController.m in Sources */,
				F39F4BF120FD14C000C11CD0 /* Conversation.m in Sources */,
				F312269E210A535C004F4677 /* Card.m in Sources */,
				F39E66FE20EFE12900381BE7 /* main.m in Sources */,
				FCF9B1FB20FEAF340035051E /* PreviousUserPostCell.m in Sources */,
				FC8EA1A5210151890054C43D /* MapViewController.m in Sources */,
				F39F4BEE20FD14A300C11CD0 /* Message.m in Sources */,
				F3E55E5D2118CFB1001E03EF /* Format.m in Sources */,
				D3B67A8D21079C2C0042BD49 /* PhotoViewController.m in Sources */,
				F338398620FE9B2300364F86 /* ConversationTableViewCell.m in Sources */,
				FC6C7E3820FD51B600034CC4 /* PostDetailsViewController.m in Sources */,
				F3C1F28A211D0E3500B4D588 /* JobCompletedViewController.m in Sources */,
				F35E0B27211563F200FAC63C /* EditProfileViewController.m in Sources */,
				FC6C7E2F20FD47D500034CC4 /* NearbyPostingsViewController.m in Sources */,
				D38B18E2210FB1CF005E607F /* NameViewController.m in Sources */,
				F312269B210A4E18004F4677 /* EditPaymentInfoViewController.m in Sources */,
				F3AE9F752102A1CF007BB53A /* SuggestPriceViewController.m in Sources */,
				F31226A1210A8582004F4677 /* Utils.m in Sources */,
				FCD51ACE21092BCD002A5B2C /* JobLocationMapViewController.m in Sources */,
				F3C1F27E211CC31300B4D588 /* BottomNavigationBarViewController.m in Sources */,
				F39E66F020EFE12800381BE7 /* AppDelegate.m in Sources */,
				D3E5A15920FD545800891964 /* LoginViewController.m in Sources */,
				D3E5A15A20FD545800891964 /* SignUpViewController.m in Sources */,
				F3C1F27B211B80DD00B4D588 /* StringConstants.m in Sources */,
				F396B1FB2113B2260099E623 /* AppScheme.m in Sources */,
				FC6C7E2B20FD26FB00034CC4 /* FeedViewController.m in Sources */,
				FC6C7E3220FD47DF00034CC4 /* YourPostingsViewController.m in Sources */,
				FC6C7E3520FD4D5600034CC4 /* ComposeNewPostViewController.m in Sources */,
				F39F4BEB20FD147200C11CD0 /* Post.m in Sources */,
				F3941AC02121FFBB00F6BD21 /* SearchPostingsViewController.m in Sources */,
			);
			runOnlyForDeploymentPostprocessing = 0;
		};
		F39E66FF20EFE12900381BE7 /* Sources */ = {
			isa = PBXSourcesBuildPhase;
			buildActionMask = 2147483647;
			files = (
				F39E670820EFE12900381BE7 /* CampusJobsTests.m in Sources */,
			);
			runOnlyForDeploymentPostprocessing = 0;
		};
		F39E670A20EFE12900381BE7 /* Sources */ = {
			isa = PBXSourcesBuildPhase;
			buildActionMask = 2147483647;
			files = (
				F39E671320EFE12900381BE7 /* CampusJobsUITests.m in Sources */,
			);
			runOnlyForDeploymentPostprocessing = 0;
		};
/* End PBXSourcesBuildPhase section */

/* Begin PBXTargetDependency section */
		F39E670520EFE12900381BE7 /* PBXTargetDependency */ = {
			isa = PBXTargetDependency;
			target = F39E66EA20EFE12800381BE7 /* CampusJobs */;
			targetProxy = F39E670420EFE12900381BE7 /* PBXContainerItemProxy */;
		};
		F39E671020EFE12900381BE7 /* PBXTargetDependency */ = {
			isa = PBXTargetDependency;
			target = F39E66EA20EFE12800381BE7 /* CampusJobs */;
			targetProxy = F39E670F20EFE12900381BE7 /* PBXContainerItemProxy */;
		};
/* End PBXTargetDependency section */

/* Begin PBXVariantGroup section */
		D3068315210FBF49003C2CB1 /* PaymentInfo.storyboard */ = {
			isa = PBXVariantGroup;
			children = (
				D3068316210FBF49003C2CB1 /* Base */,
			);
			name = PaymentInfo.storyboard;
			sourceTree = "<group>";
		};
		D3068318210FBF57003C2CB1 /* Storyboard.storyboard */ = {
			isa = PBXVariantGroup;
			children = (
				D3068319210FBF57003C2CB1 /* Base */,
			);
			name = Storyboard.storyboard;
			sourceTree = "<group>";
		};
		D3D64E2B211B68BF00F48F1A /* InfoPlist.strings */ = {
			isa = PBXVariantGroup;
			children = (
				D3D64E2C211B68BF00F48F1A /* en */,
			);
			name = InfoPlist.strings;
			sourceTree = "<group>";
		};
		D3D64E32211B68BF00F48F1A /* Main.storyboard */ = {
			isa = PBXVariantGroup;
			children = (
				D3D64E33211B68BF00F48F1A /* Base */,
			);
			name = Main.storyboard;
			sourceTree = "<group>";
		};
		D3D64E3D211B68BF00F48F1A /* InfoPlist.strings */ = {
			isa = PBXVariantGroup;
			children = (
				D3D64E3E211B68BF00F48F1A /* en */,
			);
			name = InfoPlist.strings;
			sourceTree = "<group>";
		};
		D3D64E51211B921D00F48F1A /* LaunchScreen.storyboard */ = {
			isa = PBXVariantGroup;
			children = (
				D3D64E52211B921D00F48F1A /* Base */,
			);
			name = LaunchScreen.storyboard;
			sourceTree = "<group>";
		};
		D3D64E53211B921D00F48F1A /* Main.storyboard */ = {
			isa = PBXVariantGroup;
			children = (
				D3D64E54211B921D00F48F1A /* Base */,
			);
			name = Main.storyboard;
			sourceTree = "<group>";
		};
		F31226A9210A995A004F4677 /* PaymentInfo.storyboard */ = {
			isa = PBXVariantGroup;
			children = (
				F31226AA210A995A004F4677 /* Base */,
			);
			name = PaymentInfo.storyboard;
			sourceTree = "<group>";
		};
		F31226AB210A995A004F4677 /* Storyboard.storyboard */ = {
			isa = PBXVariantGroup;
			children = (
				F31226AC210A995A004F4677 /* Base */,
			);
			name = Storyboard.storyboard;
			sourceTree = "<group>";
		};
		F32251F320FEA772003E4C08 /* Chat.storyboard */ = {
			isa = PBXVariantGroup;
			children = (
				F32251F420FEA772003E4C08 /* Base */,
			);
			name = Chat.storyboard;
			sourceTree = "<group>";
		};
		F37ADB8320FE8ABA004C593C /* LoginSignUp.storyboard */ = {
			isa = PBXVariantGroup;
			children = (
				F37ADB8420FE8ABA004C593C /* Base */,
			);
			name = LoginSignUp.storyboard;
			sourceTree = "<group>";
		};
		F39E66F420EFE12900381BE7 /* Main.storyboard */ = {
			isa = PBXVariantGroup;
			children = (
				F39E66F520EFE12900381BE7 /* Base */,
			);
			name = Main.storyboard;
			sourceTree = "<group>";
		};
		F39E66F920EFE12900381BE7 /* LaunchScreen.storyboard */ = {
			isa = PBXVariantGroup;
			children = (
				F39E66FA20EFE12900381BE7 /* Base */,
			);
			name = LaunchScreen.storyboard;
			sourceTree = "<group>";
		};
/* End PBXVariantGroup section */

/* Begin XCBuildConfiguration section */
		F39E671520EFE12900381BE7 /* Debug */ = {
			isa = XCBuildConfiguration;
			buildSettings = {
				ALWAYS_SEARCH_USER_PATHS = NO;
				CLANG_ANALYZER_NONNULL = YES;
				CLANG_ANALYZER_NUMBER_OBJECT_CONVERSION = YES_AGGRESSIVE;
				CLANG_CXX_LANGUAGE_STANDARD = "gnu++14";
				CLANG_CXX_LIBRARY = "libc++";
				CLANG_ENABLE_MODULES = YES;
				CLANG_ENABLE_OBJC_ARC = YES;
				CLANG_ENABLE_OBJC_WEAK = YES;
				CLANG_WARN_BLOCK_CAPTURE_AUTORELEASING = YES;
				CLANG_WARN_BOOL_CONVERSION = YES;
				CLANG_WARN_COMMA = YES;
				CLANG_WARN_CONSTANT_CONVERSION = YES;
				CLANG_WARN_DEPRECATED_OBJC_IMPLEMENTATIONS = YES;
				CLANG_WARN_DIRECT_OBJC_ISA_USAGE = YES_ERROR;
				CLANG_WARN_DOCUMENTATION_COMMENTS = YES;
				CLANG_WARN_EMPTY_BODY = YES;
				CLANG_WARN_ENUM_CONVERSION = YES;
				CLANG_WARN_INFINITE_RECURSION = YES;
				CLANG_WARN_INT_CONVERSION = YES;
				CLANG_WARN_NON_LITERAL_NULL_CONVERSION = YES;
				CLANG_WARN_OBJC_IMPLICIT_RETAIN_SELF = YES;
				CLANG_WARN_OBJC_LITERAL_CONVERSION = YES;
				CLANG_WARN_OBJC_ROOT_CLASS = YES_ERROR;
				CLANG_WARN_RANGE_LOOP_ANALYSIS = YES;
				CLANG_WARN_STRICT_PROTOTYPES = YES;
				CLANG_WARN_SUSPICIOUS_MOVE = YES;
				CLANG_WARN_UNGUARDED_AVAILABILITY = YES_AGGRESSIVE;
				CLANG_WARN_UNREACHABLE_CODE = YES;
				CLANG_WARN__DUPLICATE_METHOD_MATCH = YES;
				CODE_SIGN_IDENTITY = "iPhone Developer";
				COPY_PHASE_STRIP = NO;
				DEBUG_INFORMATION_FORMAT = dwarf;
				ENABLE_STRICT_OBJC_MSGSEND = YES;
				ENABLE_TESTABILITY = YES;
				GCC_C_LANGUAGE_STANDARD = gnu11;
				GCC_DYNAMIC_NO_PIC = NO;
				GCC_NO_COMMON_BLOCKS = YES;
				GCC_OPTIMIZATION_LEVEL = 0;
				GCC_PREPROCESSOR_DEFINITIONS = (
					"DEBUG=1",
					"$(inherited)",
				);
				GCC_WARN_64_TO_32_BIT_CONVERSION = YES;
				GCC_WARN_ABOUT_RETURN_TYPE = YES_ERROR;
				GCC_WARN_UNDECLARED_SELECTOR = YES;
				GCC_WARN_UNINITIALIZED_AUTOS = YES_AGGRESSIVE;
				GCC_WARN_UNUSED_FUNCTION = YES;
				GCC_WARN_UNUSED_VARIABLE = YES;
				IPHONEOS_DEPLOYMENT_TARGET = 11.4;
				MTL_ENABLE_DEBUG_INFO = YES;
				ONLY_ACTIVE_ARCH = YES;
				SDKROOT = iphoneos;
			};
			name = Debug;
		};
		F39E671620EFE12900381BE7 /* Release */ = {
			isa = XCBuildConfiguration;
			buildSettings = {
				ALWAYS_SEARCH_USER_PATHS = NO;
				CLANG_ANALYZER_NONNULL = YES;
				CLANG_ANALYZER_NUMBER_OBJECT_CONVERSION = YES_AGGRESSIVE;
				CLANG_CXX_LANGUAGE_STANDARD = "gnu++14";
				CLANG_CXX_LIBRARY = "libc++";
				CLANG_ENABLE_MODULES = YES;
				CLANG_ENABLE_OBJC_ARC = YES;
				CLANG_ENABLE_OBJC_WEAK = YES;
				CLANG_WARN_BLOCK_CAPTURE_AUTORELEASING = YES;
				CLANG_WARN_BOOL_CONVERSION = YES;
				CLANG_WARN_COMMA = YES;
				CLANG_WARN_CONSTANT_CONVERSION = YES;
				CLANG_WARN_DEPRECATED_OBJC_IMPLEMENTATIONS = YES;
				CLANG_WARN_DIRECT_OBJC_ISA_USAGE = YES_ERROR;
				CLANG_WARN_DOCUMENTATION_COMMENTS = YES;
				CLANG_WARN_EMPTY_BODY = YES;
				CLANG_WARN_ENUM_CONVERSION = YES;
				CLANG_WARN_INFINITE_RECURSION = YES;
				CLANG_WARN_INT_CONVERSION = YES;
				CLANG_WARN_NON_LITERAL_NULL_CONVERSION = YES;
				CLANG_WARN_OBJC_IMPLICIT_RETAIN_SELF = YES;
				CLANG_WARN_OBJC_LITERAL_CONVERSION = YES;
				CLANG_WARN_OBJC_ROOT_CLASS = YES_ERROR;
				CLANG_WARN_RANGE_LOOP_ANALYSIS = YES;
				CLANG_WARN_STRICT_PROTOTYPES = YES;
				CLANG_WARN_SUSPICIOUS_MOVE = YES;
				CLANG_WARN_UNGUARDED_AVAILABILITY = YES_AGGRESSIVE;
				CLANG_WARN_UNREACHABLE_CODE = YES;
				CLANG_WARN__DUPLICATE_METHOD_MATCH = YES;
				CODE_SIGN_IDENTITY = "iPhone Developer";
				COPY_PHASE_STRIP = NO;
				DEBUG_INFORMATION_FORMAT = "dwarf-with-dsym";
				ENABLE_NS_ASSERTIONS = NO;
				ENABLE_STRICT_OBJC_MSGSEND = YES;
				GCC_C_LANGUAGE_STANDARD = gnu11;
				GCC_NO_COMMON_BLOCKS = YES;
				GCC_WARN_64_TO_32_BIT_CONVERSION = YES;
				GCC_WARN_ABOUT_RETURN_TYPE = YES_ERROR;
				GCC_WARN_UNDECLARED_SELECTOR = YES;
				GCC_WARN_UNINITIALIZED_AUTOS = YES_AGGRESSIVE;
				GCC_WARN_UNUSED_FUNCTION = YES;
				GCC_WARN_UNUSED_VARIABLE = YES;
				IPHONEOS_DEPLOYMENT_TARGET = 11.4;
				MTL_ENABLE_DEBUG_INFO = NO;
				SDKROOT = iphoneos;
				VALIDATE_PRODUCT = YES;
			};
			name = Release;
		};
		F39E671820EFE12900381BE7 /* Debug */ = {
			isa = XCBuildConfiguration;
			baseConfigurationReference = 1ADAE6FC0657CE3ECDAF80A7 /* Pods-CampusJobs.debug.xcconfig */;
			buildSettings = {
				ASSETCATALOG_COMPILER_APPICON_NAME = AppIcon;
				CODE_SIGN_STYLE = Automatic;
				DEVELOPMENT_TEAM = T66NN72CYU;
				INFOPLIST_FILE = CampusJobs/Info.plist;
				LD_RUNPATH_SEARCH_PATHS = (
					"$(inherited)",
					"@executable_path/Frameworks",
				);
				PRODUCT_BUNDLE_IDENTIFIER = com.szheng1.CampusJobs;
				PRODUCT_NAME = "$(TARGET_NAME)";
				TARGETED_DEVICE_FAMILY = "1,2";
			};
			name = Debug;
		};
		F39E671920EFE12900381BE7 /* Release */ = {
			isa = XCBuildConfiguration;
			baseConfigurationReference = BD498F905C1ED7EC86FBB555 /* Pods-CampusJobs.release.xcconfig */;
			buildSettings = {
				ASSETCATALOG_COMPILER_APPICON_NAME = AppIcon;
				CODE_SIGN_STYLE = Automatic;
				DEVELOPMENT_TEAM = T66NN72CYU;
				INFOPLIST_FILE = CampusJobs/Info.plist;
				LD_RUNPATH_SEARCH_PATHS = (
					"$(inherited)",
					"@executable_path/Frameworks",
				);
				PRODUCT_BUNDLE_IDENTIFIER = com.szheng1.CampusJobs;
				PRODUCT_NAME = "$(TARGET_NAME)";
				TARGETED_DEVICE_FAMILY = "1,2";
			};
			name = Release;
		};
		F39E671B20EFE12900381BE7 /* Debug */ = {
			isa = XCBuildConfiguration;
			baseConfigurationReference = 686D45B7A17687051617033E /* Pods-CampusJobsTests.debug.xcconfig */;
			buildSettings = {
				BUNDLE_LOADER = "$(TEST_HOST)";
				CODE_SIGN_STYLE = Automatic;
				DEVELOPMENT_TEAM = T66NN72CYU;
				INFOPLIST_FILE = CampusJobsTests/Info.plist;
				LD_RUNPATH_SEARCH_PATHS = (
					"$(inherited)",
					"@executable_path/Frameworks",
					"@loader_path/Frameworks",
				);
				PRODUCT_BUNDLE_IDENTIFIER = com.szheng.CampusJobsTests;
				PRODUCT_NAME = "$(TARGET_NAME)";
				TARGETED_DEVICE_FAMILY = "1,2";
				TEST_HOST = "$(BUILT_PRODUCTS_DIR)/CampusJobs.app/CampusJobs";
			};
			name = Debug;
		};
		F39E671C20EFE12900381BE7 /* Release */ = {
			isa = XCBuildConfiguration;
			baseConfigurationReference = 0DE65D414E7AC633E6910BA3 /* Pods-CampusJobsTests.release.xcconfig */;
			buildSettings = {
				BUNDLE_LOADER = "$(TEST_HOST)";
				CODE_SIGN_STYLE = Automatic;
				DEVELOPMENT_TEAM = T66NN72CYU;
				INFOPLIST_FILE = CampusJobsTests/Info.plist;
				LD_RUNPATH_SEARCH_PATHS = (
					"$(inherited)",
					"@executable_path/Frameworks",
					"@loader_path/Frameworks",
				);
				PRODUCT_BUNDLE_IDENTIFIER = com.szheng.CampusJobsTests;
				PRODUCT_NAME = "$(TARGET_NAME)";
				TARGETED_DEVICE_FAMILY = "1,2";
				TEST_HOST = "$(BUILT_PRODUCTS_DIR)/CampusJobs.app/CampusJobs";
			};
			name = Release;
		};
		F39E671E20EFE12900381BE7 /* Debug */ = {
			isa = XCBuildConfiguration;
			baseConfigurationReference = E2EF0A3DE1BD1C22A5290BBB /* Pods-CampusJobsUITests.debug.xcconfig */;
			buildSettings = {
				CODE_SIGN_STYLE = Automatic;
				DEVELOPMENT_TEAM = T66NN72CYU;
				INFOPLIST_FILE = CampusJobsUITests/Info.plist;
				LD_RUNPATH_SEARCH_PATHS = (
					"$(inherited)",
					"@executable_path/Frameworks",
					"@loader_path/Frameworks",
				);
				PRODUCT_BUNDLE_IDENTIFIER = com.szheng.CampusJobsUITests;
				PRODUCT_NAME = "$(TARGET_NAME)";
				TARGETED_DEVICE_FAMILY = "1,2";
				TEST_TARGET_NAME = CampusJobs;
			};
			name = Debug;
		};
		F39E671F20EFE12900381BE7 /* Release */ = {
			isa = XCBuildConfiguration;
			baseConfigurationReference = 85FB2DA46A125E1C89B8188E /* Pods-CampusJobsUITests.release.xcconfig */;
			buildSettings = {
				CODE_SIGN_STYLE = Automatic;
				DEVELOPMENT_TEAM = T66NN72CYU;
				INFOPLIST_FILE = CampusJobsUITests/Info.plist;
				LD_RUNPATH_SEARCH_PATHS = (
					"$(inherited)",
					"@executable_path/Frameworks",
					"@loader_path/Frameworks",
				);
				PRODUCT_BUNDLE_IDENTIFIER = com.szheng.CampusJobsUITests;
				PRODUCT_NAME = "$(TARGET_NAME)";
				TARGETED_DEVICE_FAMILY = "1,2";
				TEST_TARGET_NAME = CampusJobs;
			};
			name = Release;
		};
/* End XCBuildConfiguration section */

/* Begin XCConfigurationList section */
		F39E66E620EFE12800381BE7 /* Build configuration list for PBXProject "CampusJobs" */ = {
			isa = XCConfigurationList;
			buildConfigurations = (
				F39E671520EFE12900381BE7 /* Debug */,
				F39E671620EFE12900381BE7 /* Release */,
			);
			defaultConfigurationIsVisible = 0;
			defaultConfigurationName = Release;
		};
		F39E671720EFE12900381BE7 /* Build configuration list for PBXNativeTarget "CampusJobs" */ = {
			isa = XCConfigurationList;
			buildConfigurations = (
				F39E671820EFE12900381BE7 /* Debug */,
				F39E671920EFE12900381BE7 /* Release */,
			);
			defaultConfigurationIsVisible = 0;
			defaultConfigurationName = Release;
		};
		F39E671A20EFE12900381BE7 /* Build configuration list for PBXNativeTarget "CampusJobsTests" */ = {
			isa = XCConfigurationList;
			buildConfigurations = (
				F39E671B20EFE12900381BE7 /* Debug */,
				F39E671C20EFE12900381BE7 /* Release */,
			);
			defaultConfigurationIsVisible = 0;
			defaultConfigurationName = Release;
		};
		F39E671D20EFE12900381BE7 /* Build configuration list for PBXNativeTarget "CampusJobsUITests" */ = {
			isa = XCConfigurationList;
			buildConfigurations = (
				F39E671E20EFE12900381BE7 /* Debug */,
				F39E671F20EFE12900381BE7 /* Release */,
			);
			defaultConfigurationIsVisible = 0;
			defaultConfigurationName = Release;
		};
/* End XCConfigurationList section */
	};
	rootObject = F39E66E320EFE12800381BE7 /* Project object */;
}
